// !$*UTF8*$!
{
	archiveVersion = 1;
	classes = {
	};
	objectVersion = 46;
	objects = {

/* Begin PBXBuildFile section */
		2DE0954A1A71589200FD524A /* LoginViewController.m in Sources */ = {isa = PBXBuildFile; fileRef = 2DE095491A71589200FD524A /* LoginViewController.m */; };
		59002FAA1B1AAF6D0096A92E /* AudioToolbox.framework in Frameworks */ = {isa = PBXBuildFile; fileRef = 59002FA91B1AAF6D0096A92E /* AudioToolbox.framework */; };
		59002FAC1B1AAFD20096A92E /* CFNetwork.framework in Frameworks */ = {isa = PBXBuildFile; fileRef = 59002FAB1B1AAFD20096A92E /* CFNetwork.framework */; };
		59002FAE1B1AAFD90096A92E /* CoreGraphics.framework in Frameworks */ = {isa = PBXBuildFile; fileRef = 59002FAD1B1AAFD90096A92E /* CoreGraphics.framework */; };
		59002FB01B1AAFDF0096A92E /* CoreLocation.framework in Frameworks */ = {isa = PBXBuildFile; fileRef = 59002FAF1B1AAFDF0096A92E /* CoreLocation.framework */; };
		59002FB21B1AAFE70096A92E /* MobileCoreServices.framework in Frameworks */ = {isa = PBXBuildFile; fileRef = 59002FB11B1AAFE70096A92E /* MobileCoreServices.framework */; };
		59002FB41B1AAFED0096A92E /* QuartzCore.framework in Frameworks */ = {isa = PBXBuildFile; fileRef = 59002FB31B1AAFED0096A92E /* QuartzCore.framework */; };
		59002FB61B1AAFF30096A92E /* Security.framework in Frameworks */ = {isa = PBXBuildFile; fileRef = 59002FB51B1AAFF30096A92E /* Security.framework */; };
		59002FB81B1AAFF90096A92E /* StoreKit.framework in Frameworks */ = {isa = PBXBuildFile; fileRef = 59002FB71B1AAFF90096A92E /* StoreKit.framework */; };
		59002FBA1B1AB0010096A92E /* SystemConfiguration.framework in Frameworks */ = {isa = PBXBuildFile; fileRef = 59002FB91B1AB0010096A92E /* SystemConfiguration.framework */; };
		59002FBC1B1AB0080096A92E /* libz.dylib in Frameworks */ = {isa = PBXBuildFile; fileRef = 59002FBB1B1AB0080096A92E /* libz.dylib */; };
		59002FBE1B1AB0120096A92E /* libsqlite3.dylib in Frameworks */ = {isa = PBXBuildFile; fileRef = 59002FBD1B1AB0120096A92E /* libsqlite3.dylib */; };
		59002FC01B1AB0400096A92E /* Accounts.framework in Frameworks */ = {isa = PBXBuildFile; fileRef = 59002FBF1B1AB0400096A92E /* Accounts.framework */; };
		59002FC21B1AB0440096A92E /* Social.framework in Frameworks */ = {isa = PBXBuildFile; fileRef = 59002FC11B1AB0440096A92E /* Social.framework */; };
		5902E61E1A3475DE00A38C11 /* NavBarBg.png in Resources */ = {isa = PBXBuildFile; fileRef = 5902E61D1A3475DE00A38C11 /* NavBarBg.png */; };
		5902E6261A347E9600A38C11 /* SmallSearch.png in Resources */ = {isa = PBXBuildFile; fileRef = 5902E6251A347E9600A38C11 /* SmallSearch.png */; };
		5926C2DD1AE57B1000342A5A /* QReport.m in Sources */ = {isa = PBXBuildFile; fileRef = 5926C2DC1AE57B1000342A5A /* QReport.m */; };
		5933DDEE1B2E187700F95394 /* Podfile in Resources */ = {isa = PBXBuildFile; fileRef = 5933DDED1B2E187700F95394 /* Podfile */; };
		5933DDF11B2E1BF500F95394 /* MapViewController.m in Sources */ = {isa = PBXBuildFile; fileRef = 5933DDF01B2E1BF500F95394 /* MapViewController.m */; };
		594C88971B3004E4007F4DFD /* slider-default7-trackBackground.png in Resources */ = {isa = PBXBuildFile; fileRef = 594C88951B3004E4007F4DFD /* slider-default7-trackBackground.png */; };
		594C88981B3004E4007F4DFD /* slider-default7-trackBackground@2x.png in Resources */ = {isa = PBXBuildFile; fileRef = 594C88961B3004E4007F4DFD /* slider-default7-trackBackground@2x.png */; };
		594E93E01A68D197003DB4E7 /* ShortFields in Resources */ = {isa = PBXBuildFile; fileRef = 594E93DF1A68D197003DB4E7 /* ShortFields */; };
		594E93E21A68D1B7003DB4E7 /* LongFields in Resources */ = {isa = PBXBuildFile; fileRef = 594E93E11A68D1B7003DB4E7 /* LongFields */; };
		595575FB1A2E74B9000ABAD8 /* QComment.m in Sources */ = {isa = PBXBuildFile; fileRef = 595575FA1A2E74B9000ABAD8 /* QComment.m */; };
		595575FE1A2E74B9000ABAD8 /* QScore.m in Sources */ = {isa = PBXBuildFile; fileRef = 595575FD1A2E74B9000ABAD8 /* QScore.m */; };
		595CB1A31B2FFFA400E571C4 /* NMRangeSlider.m in Sources */ = {isa = PBXBuildFile; fileRef = 595CB1A21B2FFFA400E571C4 /* NMRangeSlider.m */; };
		595D02EC1B38F5CF00E9B564 /* ListsIcon.png in Resources */ = {isa = PBXBuildFile; fileRef = 595D02EB1B38F5CF00E9B564 /* ListsIcon.png */; };
		596076B21A1000710038D4F4 /* main.m in Sources */ = {isa = PBXBuildFile; fileRef = 596076B11A1000710038D4F4 /* main.m */; };
		596076B51A1000710038D4F4 /* AppDelegate.m in Sources */ = {isa = PBXBuildFile; fileRef = 596076B41A1000710038D4F4 /* AppDelegate.m */; };
		596076B81A1000710038D4F4 /* Coursica.xcdatamodeld in Sources */ = {isa = PBXBuildFile; fileRef = 596076B61A1000710038D4F4 /* Coursica.xcdatamodeld */; };
		596076BB1A1000710038D4F4 /* CoursesViewController.m in Sources */ = {isa = PBXBuildFile; fileRef = 596076BA1A1000710038D4F4 /* CoursesViewController.m */; };
		596076BE1A1000710038D4F4 /* Main.storyboard in Resources */ = {isa = PBXBuildFile; fileRef = 596076BC1A1000710038D4F4 /* Main.storyboard */; };
		596076C01A1000710038D4F4 /* Images.xcassets in Resources */ = {isa = PBXBuildFile; fileRef = 596076BF1A1000710038D4F4 /* Images.xcassets */; };
		596076C31A1000710038D4F4 /* LaunchScreen.xib in Resources */ = {isa = PBXBuildFile; fileRef = 596076C11A1000710038D4F4 /* LaunchScreen.xib */; };
		596076CF1A1000710038D4F4 /* CoursicaTests.m in Sources */ = {isa = PBXBuildFile; fileRef = 596076CE1A1000710038D4F4 /* CoursicaTests.m */; };
		5975FD371AE0C9F200180AEC /* jharvard_dark.png in Resources */ = {isa = PBXBuildFile; fileRef = 5975FD361AE0C9F200180AEC /* jharvard_dark.png */; };
		598865161B23A3C50078B06F /* NSString+FirebaseEncode.m in Sources */ = {isa = PBXBuildFile; fileRef = 598865151B23A3C50078B06F /* NSString+FirebaseEncode.m */; };
		598CAB2F1A22C7EA008D0142 /* Course.m in Sources */ = {isa = PBXBuildFile; fileRef = 598CAB2E1A22C7EA008D0142 /* Course.m */; };
		598CAB321A22C7EC008D0142 /* Meeting.m in Sources */ = {isa = PBXBuildFile; fileRef = 598CAB311A22C7EC008D0142 /* Meeting.m */; };
		598CAB351A22C7EC008D0142 /* Location.m in Sources */ = {isa = PBXBuildFile; fileRef = 598CAB341A22C7EC008D0142 /* Location.m */; };
		598CAB381A22C7EC008D0142 /* Faculty.m in Sources */ = {isa = PBXBuildFile; fileRef = 598CAB371A22C7EC008D0142 /* Faculty.m */; };
		598CAB8B1A23CB57008D0142 /* libxml2.dylib in Frameworks */ = {isa = PBXBuildFile; fileRef = 598CAB8A1A23CB57008D0142 /* libxml2.dylib */; };
		59A2EDBC1B33E13D00B22558 /* slider-blue-track@2x.png in Resources */ = {isa = PBXBuildFile; fileRef = 59A2EDBB1B33E13D00B22558 /* slider-blue-track@2x.png */; };
		59B0AEC21B43AEE40018AA85 /* TempCourse.swift in Sources */ = {isa = PBXBuildFile; fileRef = 59B0AEC11B43AEE40018AA85 /* TempCourse.swift */; };
		59B9D5871AF6CA3F0006A57B /* DNA.png in Resources */ = {isa = PBXBuildFile; fileRef = 59B9D57F1AF6CA3F0006A57B /* DNA.png */; };
		59B9D5881AF6CA3F0006A57B /* judge1.png in Resources */ = {isa = PBXBuildFile; fileRef = 59B9D5801AF6CA3F0006A57B /* judge1.png */; };
		59B9D5891AF6CA3F0006A57B /* telescope7.png in Resources */ = {isa = PBXBuildFile; fileRef = 59B9D5811AF6CA3F0006A57B /* telescope7.png */; };
		59B9D58A1AF6CA3F0006A57B /* USA.png in Resources */ = {isa = PBXBuildFile; fileRef = 59B9D5821AF6CA3F0006A57B /* USA.png */; };
		59B9D58B1AF6CA3F0006A57B /* function.png in Resources */ = {isa = PBXBuildFile; fileRef = 59B9D5831AF6CA3F0006A57B /* function.png */; };
		59B9D58C1AF6CA3F0006A57B /* Globe.png in Resources */ = {isa = PBXBuildFile; fileRef = 59B9D5841AF6CA3F0006A57B /* Globe.png */; };
		59B9D58D1AF6CA3F0006A57B /* hinduism.png in Resources */ = {isa = PBXBuildFile; fileRef = 59B9D5851AF6CA3F0006A57B /* hinduism.png */; };
		59B9D58E1AF6CA3F0006A57B /* Easel.png in Resources */ = {isa = PBXBuildFile; fileRef = 59B9D5861AF6CA3F0006A57B /* Easel.png */; };
		59BA6ECF1B3B130300B62FCC /* ListIcon.png in Resources */ = {isa = PBXBuildFile; fileRef = 59BA6ECE1B3B130300B62FCC /* ListIcon.png */; };
		59CF58201B3BA82500FB21FC /* ListsViewController.swift in Sources */ = {isa = PBXBuildFile; fileRef = 59CF581F1B3BA82500FB21FC /* ListsViewController.swift */; };
		59D4A0481A347F98003FD743 /* NavigationController.m in Sources */ = {isa = PBXBuildFile; fileRef = 59D4A0471A347F98003FD743 /* NavigationController.m */; };
		59D4A04B1A34877D003FD743 /* CommentsViewController.m in Sources */ = {isa = PBXBuildFile; fileRef = 59D4A04A1A34877D003FD743 /* CommentsViewController.m */; };
		59D4A04E1A349291003FD743 /* UILabel+HeightCalculation.m in Sources */ = {isa = PBXBuildFile; fileRef = 59D4A04D1A349291003FD743 /* UILabel+HeightCalculation.m */; };
		59DCAEC31A75D6E800929151 /* SearchManager.m in Sources */ = {isa = PBXBuildFile; fileRef = 59DCAEC21A75D6E800929151 /* SearchManager.m */; };
		59E661D51B01769300200FAE /* DoubleSliderView.m in Sources */ = {isa = PBXBuildFile; fileRef = 59E661D41B01769300200FAE /* DoubleSliderView.m */; };
		59E661D91B01A72A00200FAE /* FadeOut.png in Resources */ = {isa = PBXBuildFile; fileRef = 59E661D81B01A72A00200FAE /* FadeOut.png */; };
		59E8B72F1B23AAA6000F8855 /* QResponse.m in Sources */ = {isa = PBXBuildFile; fileRef = 59E8B72E1B23AAA6000F8855 /* QResponse.m */; };
		59E8B7321B23AD79000F8855 /* QFacultyReport.m in Sources */ = {isa = PBXBuildFile; fileRef = 59E8B7311B23AD79000F8855 /* QFacultyReport.m */; };
		59E8B7351B23AEAE000F8855 /* QBaseline.m in Sources */ = {isa = PBXBuildFile; fileRef = 59E8B7341B23AEAE000F8855 /* QBaseline.m */; };
		59F51C6A1A2545DF0025E021 /* FiltersViewController.m in Sources */ = {isa = PBXBuildFile; fileRef = 59F51C691A2545DF0025E021 /* FiltersViewController.m */; };
		59F51C6F1A2572C00025E021 /* DetailViewController.m in Sources */ = {isa = PBXBuildFile; fileRef = 59F51C6E1A2572C00025E021 /* DetailViewController.m */; };
		59FCC2C91B3BD5C7001A2337 /* List.swift in Sources */ = {isa = PBXBuildFile; fileRef = 59FCC2C81B3BD5C7001A2337 /* List.swift */; };
		98953491A049209DE0D8879E /* libPods.a in Frameworks */ = {isa = PBXBuildFile; fileRef = DB15AF7ACAD399D3133E341B /* libPods.a */; };
/* End PBXBuildFile section */

/* Begin PBXContainerItemProxy section */
		596076C91A1000710038D4F4 /* PBXContainerItemProxy */ = {
			isa = PBXContainerItemProxy;
			containerPortal = 596076A41A1000700038D4F4 /* Project object */;
			proxyType = 1;
			remoteGlobalIDString = 596076AB1A1000700038D4F4;
			remoteInfo = Coursica;
		};
/* End PBXContainerItemProxy section */

/* Begin PBXFileReference section */
		042A5F06587ECF071CB434D7 /* Pods.release.xcconfig */ = {isa = PBXFileReference; includeInIndex = 1; lastKnownFileType = text.xcconfig; name = Pods.release.xcconfig; path = "Pods/Target Support Files/Pods/Pods.release.xcconfig"; sourceTree = "<group>"; };
		2DE095481A71583C00FD524A /* LoginViewController.h */ = {isa = PBXFileReference; fileEncoding = 4; lastKnownFileType = sourcecode.c.h; path = LoginViewController.h; sourceTree = "<group>"; };
		2DE095491A71589200FD524A /* LoginViewController.m */ = {isa = PBXFileReference; fileEncoding = 4; lastKnownFileType = sourcecode.c.objc; path = LoginViewController.m; sourceTree = "<group>"; };
		59002FA91B1AAF6D0096A92E /* AudioToolbox.framework */ = {isa = PBXFileReference; lastKnownFileType = wrapper.framework; name = AudioToolbox.framework; path = System/Library/Frameworks/AudioToolbox.framework; sourceTree = SDKROOT; };
		59002FAB1B1AAFD20096A92E /* CFNetwork.framework */ = {isa = PBXFileReference; lastKnownFileType = wrapper.framework; name = CFNetwork.framework; path = System/Library/Frameworks/CFNetwork.framework; sourceTree = SDKROOT; };
		59002FAD1B1AAFD90096A92E /* CoreGraphics.framework */ = {isa = PBXFileReference; lastKnownFileType = wrapper.framework; name = CoreGraphics.framework; path = System/Library/Frameworks/CoreGraphics.framework; sourceTree = SDKROOT; };
		59002FAF1B1AAFDF0096A92E /* CoreLocation.framework */ = {isa = PBXFileReference; lastKnownFileType = wrapper.framework; name = CoreLocation.framework; path = System/Library/Frameworks/CoreLocation.framework; sourceTree = SDKROOT; };
		59002FB11B1AAFE70096A92E /* MobileCoreServices.framework */ = {isa = PBXFileReference; lastKnownFileType = wrapper.framework; name = MobileCoreServices.framework; path = System/Library/Frameworks/MobileCoreServices.framework; sourceTree = SDKROOT; };
		59002FB31B1AAFED0096A92E /* QuartzCore.framework */ = {isa = PBXFileReference; lastKnownFileType = wrapper.framework; name = QuartzCore.framework; path = System/Library/Frameworks/QuartzCore.framework; sourceTree = SDKROOT; };
		59002FB51B1AAFF30096A92E /* Security.framework */ = {isa = PBXFileReference; lastKnownFileType = wrapper.framework; name = Security.framework; path = System/Library/Frameworks/Security.framework; sourceTree = SDKROOT; };
		59002FB71B1AAFF90096A92E /* StoreKit.framework */ = {isa = PBXFileReference; lastKnownFileType = wrapper.framework; name = StoreKit.framework; path = System/Library/Frameworks/StoreKit.framework; sourceTree = SDKROOT; };
		59002FB91B1AB0010096A92E /* SystemConfiguration.framework */ = {isa = PBXFileReference; lastKnownFileType = wrapper.framework; name = SystemConfiguration.framework; path = System/Library/Frameworks/SystemConfiguration.framework; sourceTree = SDKROOT; };
		59002FBB1B1AB0080096A92E /* libz.dylib */ = {isa = PBXFileReference; lastKnownFileType = "compiled.mach-o.dylib"; name = libz.dylib; path = usr/lib/libz.dylib; sourceTree = SDKROOT; };
		59002FBD1B1AB0120096A92E /* libsqlite3.dylib */ = {isa = PBXFileReference; lastKnownFileType = "compiled.mach-o.dylib"; name = libsqlite3.dylib; path = usr/lib/libsqlite3.dylib; sourceTree = SDKROOT; };
		59002FBF1B1AB0400096A92E /* Accounts.framework */ = {isa = PBXFileReference; lastKnownFileType = wrapper.framework; name = Accounts.framework; path = System/Library/Frameworks/Accounts.framework; sourceTree = SDKROOT; };
		59002FC11B1AB0440096A92E /* Social.framework */ = {isa = PBXFileReference; lastKnownFileType = wrapper.framework; name = Social.framework; path = System/Library/Frameworks/Social.framework; sourceTree = SDKROOT; };
		5902E61D1A3475DE00A38C11 /* NavBarBg.png */ = {isa = PBXFileReference; lastKnownFileType = image.png; path = NavBarBg.png; sourceTree = "<group>"; };
		5902E6251A347E9600A38C11 /* SmallSearch.png */ = {isa = PBXFileReference; lastKnownFileType = image.png; path = SmallSearch.png; sourceTree = "<group>"; };
		5926C2DA1AE5583600342A5A /* Coursica 10.xcdatamodel */ = {isa = PBXFileReference; lastKnownFileType = wrapper.xcdatamodel; path = "Coursica 10.xcdatamodel"; sourceTree = "<group>"; };
		5926C2DB1AE57B1000342A5A /* QReport.h */ = {isa = PBXFileReference; fileEncoding = 4; lastKnownFileType = sourcecode.c.h; path = QReport.h; sourceTree = "<group>"; };
		5926C2DC1AE57B1000342A5A /* QReport.m */ = {isa = PBXFileReference; fileEncoding = 4; lastKnownFileType = sourcecode.c.objc; path = QReport.m; sourceTree = "<group>"; };
		5926C2E11AE5800800342A5A /* Coursica 11.xcdatamodel */ = {isa = PBXFileReference; lastKnownFileType = wrapper.xcdatamodel; path = "Coursica 11.xcdatamodel"; sourceTree = "<group>"; };
		5926C2E21AE58F8A00342A5A /* Coursica 12.xcdatamodel */ = {isa = PBXFileReference; lastKnownFileType = wrapper.xcdatamodel; path = "Coursica 12.xcdatamodel"; sourceTree = "<group>"; };
		592939001A479315004C4303 /* Coursica 5.xcdatamodel */ = {isa = PBXFileReference; lastKnownFileType = wrapper.xcdatamodel; path = "Coursica 5.xcdatamodel"; sourceTree = "<group>"; };
		5933DDED1B2E187700F95394 /* Podfile */ = {isa = PBXFileReference; fileEncoding = 4; lastKnownFileType = text; path = Podfile; sourceTree = "<group>"; xcLanguageSpecificationIdentifier = xcode.lang.ruby; };
		5933DDEF1B2E1BF500F95394 /* MapViewController.h */ = {isa = PBXFileReference; fileEncoding = 4; lastKnownFileType = sourcecode.c.h; name = MapViewController.h; path = Coursica/MapViewController.h; sourceTree = "<group>"; };
		5933DDF01B2E1BF500F95394 /* MapViewController.m */ = {isa = PBXFileReference; fileEncoding = 4; lastKnownFileType = sourcecode.c.objc; name = MapViewController.m; path = Coursica/MapViewController.m; sourceTree = "<group>"; };
		594C88951B3004E4007F4DFD /* slider-default7-trackBackground.png */ = {isa = PBXFileReference; lastKnownFileType = image.png; path = "slider-default7-trackBackground.png"; sourceTree = "<group>"; };
		594C88961B3004E4007F4DFD /* slider-default7-trackBackground@2x.png */ = {isa = PBXFileReference; lastKnownFileType = image.png; path = "slider-default7-trackBackground@2x.png"; sourceTree = "<group>"; };
		594E93DF1A68D197003DB4E7 /* ShortFields */ = {isa = PBXFileReference; fileEncoding = 4; lastKnownFileType = text; path = ShortFields; sourceTree = "<group>"; };
		594E93E11A68D1B7003DB4E7 /* LongFields */ = {isa = PBXFileReference; fileEncoding = 4; lastKnownFileType = text; path = LongFields; sourceTree = "<group>"; };
		595575F91A2E74B9000ABAD8 /* QComment.h */ = {isa = PBXFileReference; fileEncoding = 4; lastKnownFileType = sourcecode.c.h; path = QComment.h; sourceTree = "<group>"; };
		595575FA1A2E74B9000ABAD8 /* QComment.m */ = {isa = PBXFileReference; fileEncoding = 4; lastKnownFileType = sourcecode.c.objc; path = QComment.m; sourceTree = "<group>"; };
		595575FC1A2E74B9000ABAD8 /* QScore.h */ = {isa = PBXFileReference; fileEncoding = 4; lastKnownFileType = sourcecode.c.h; path = QScore.h; sourceTree = "<group>"; };
		595575FD1A2E74B9000ABAD8 /* QScore.m */ = {isa = PBXFileReference; fileEncoding = 4; lastKnownFileType = sourcecode.c.objc; path = QScore.m; sourceTree = "<group>"; };
		595CB1A11B2FFFA400E571C4 /* NMRangeSlider.h */ = {isa = PBXFileReference; fileEncoding = 4; lastKnownFileType = sourcecode.c.h; path = NMRangeSlider.h; sourceTree = "<group>"; };
		595CB1A21B2FFFA400E571C4 /* NMRangeSlider.m */ = {isa = PBXFileReference; fileEncoding = 4; lastKnownFileType = sourcecode.c.objc; path = NMRangeSlider.m; sourceTree = "<group>"; };
		595D02EB1B38F5CF00E9B564 /* ListsIcon.png */ = {isa = PBXFileReference; lastKnownFileType = image.png; path = ListsIcon.png; sourceTree = "<group>"; };
		596076AC1A1000700038D4F4 /* Coursica.app */ = {isa = PBXFileReference; explicitFileType = wrapper.application; includeInIndex = 0; path = Coursica.app; sourceTree = BUILT_PRODUCTS_DIR; };
		596076B01A1000700038D4F4 /* Info.plist */ = {isa = PBXFileReference; lastKnownFileType = text.plist.xml; path = Info.plist; sourceTree = "<group>"; };
		596076B11A1000710038D4F4 /* main.m */ = {isa = PBXFileReference; lastKnownFileType = sourcecode.c.objc; path = main.m; sourceTree = "<group>"; };
		596076B31A1000710038D4F4 /* AppDelegate.h */ = {isa = PBXFileReference; lastKnownFileType = sourcecode.c.h; path = AppDelegate.h; sourceTree = "<group>"; };
		596076B41A1000710038D4F4 /* AppDelegate.m */ = {isa = PBXFileReference; lastKnownFileType = sourcecode.c.objc; path = AppDelegate.m; sourceTree = "<group>"; };
		596076B71A1000710038D4F4 /* Coursica.xcdatamodel */ = {isa = PBXFileReference; lastKnownFileType = wrapper.xcdatamodel; path = Coursica.xcdatamodel; sourceTree = "<group>"; };
		596076B91A1000710038D4F4 /* CoursesViewController.h */ = {isa = PBXFileReference; lastKnownFileType = sourcecode.c.h; path = CoursesViewController.h; sourceTree = "<group>"; };
		596076BA1A1000710038D4F4 /* CoursesViewController.m */ = {isa = PBXFileReference; lastKnownFileType = sourcecode.c.objc; path = CoursesViewController.m; sourceTree = "<group>"; };
		596076BD1A1000710038D4F4 /* Base */ = {isa = PBXFileReference; lastKnownFileType = file.storyboard; name = Base; path = Base.lproj/Main.storyboard; sourceTree = "<group>"; };
		596076BF1A1000710038D4F4 /* Images.xcassets */ = {isa = PBXFileReference; lastKnownFileType = folder.assetcatalog; path = Images.xcassets; sourceTree = "<group>"; };
		596076C21A1000710038D4F4 /* Base */ = {isa = PBXFileReference; lastKnownFileType = file.xib; name = Base; path = Base.lproj/LaunchScreen.xib; sourceTree = "<group>"; };
		596076C81A1000710038D4F4 /* CoursicaTests.xctest */ = {isa = PBXFileReference; explicitFileType = wrapper.cfbundle; includeInIndex = 0; path = CoursicaTests.xctest; sourceTree = BUILT_PRODUCTS_DIR; };
		596076CD1A1000710038D4F4 /* Info.plist */ = {isa = PBXFileReference; lastKnownFileType = text.plist.xml; path = Info.plist; sourceTree = "<group>"; };
		596076CE1A1000710038D4F4 /* CoursicaTests.m */ = {isa = PBXFileReference; lastKnownFileType = sourcecode.c.objc; path = CoursicaTests.m; sourceTree = "<group>"; };
		5975FD361AE0C9F200180AEC /* jharvard_dark.png */ = {isa = PBXFileReference; lastKnownFileType = image.png; path = jharvard_dark.png; sourceTree = "<group>"; };
		597FA8C01A3FF22600D8421E /* Coursica 4.xcdatamodel */ = {isa = PBXFileReference; lastKnownFileType = wrapper.xcdatamodel; path = "Coursica 4.xcdatamodel"; sourceTree = "<group>"; };
		598865141B23A3C50078B06F /* NSString+FirebaseEncode.h */ = {isa = PBXFileReference; fileEncoding = 4; lastKnownFileType = sourcecode.c.h; path = "NSString+FirebaseEncode.h"; sourceTree = "<group>"; };
		598865151B23A3C50078B06F /* NSString+FirebaseEncode.m */ = {isa = PBXFileReference; fileEncoding = 4; lastKnownFileType = sourcecode.c.objc; path = "NSString+FirebaseEncode.m"; sourceTree = "<group>"; };
		598CAB2D1A22C7EA008D0142 /* Course.h */ = {isa = PBXFileReference; fileEncoding = 4; lastKnownFileType = sourcecode.c.h; path = Course.h; sourceTree = "<group>"; };
		598CAB2E1A22C7EA008D0142 /* Course.m */ = {isa = PBXFileReference; fileEncoding = 4; lastKnownFileType = sourcecode.c.objc; path = Course.m; sourceTree = "<group>"; };
		598CAB301A22C7EC008D0142 /* Meeting.h */ = {isa = PBXFileReference; fileEncoding = 4; lastKnownFileType = sourcecode.c.h; path = Meeting.h; sourceTree = "<group>"; };
		598CAB311A22C7EC008D0142 /* Meeting.m */ = {isa = PBXFileReference; fileEncoding = 4; lastKnownFileType = sourcecode.c.objc; path = Meeting.m; sourceTree = "<group>"; };
		598CAB331A22C7EC008D0142 /* Location.h */ = {isa = PBXFileReference; fileEncoding = 4; lastKnownFileType = sourcecode.c.h; path = Location.h; sourceTree = "<group>"; };
		598CAB341A22C7EC008D0142 /* Location.m */ = {isa = PBXFileReference; fileEncoding = 4; lastKnownFileType = sourcecode.c.objc; path = Location.m; sourceTree = "<group>"; };
		598CAB361A22C7EC008D0142 /* Faculty.h */ = {isa = PBXFileReference; fileEncoding = 4; lastKnownFileType = sourcecode.c.h; path = Faculty.h; sourceTree = "<group>"; };
		598CAB371A22C7EC008D0142 /* Faculty.m */ = {isa = PBXFileReference; fileEncoding = 4; lastKnownFileType = sourcecode.c.objc; path = Faculty.m; sourceTree = "<group>"; };
		598CAB7E1A23CA05008D0142 /* libxml2.2.dylib */ = {isa = PBXFileReference; lastKnownFileType = "compiled.mach-o.dylib"; name = libxml2.2.dylib; path = usr/lib/libxml2.2.dylib; sourceTree = SDKROOT; };
		598CAB8A1A23CB57008D0142 /* libxml2.dylib */ = {isa = PBXFileReference; lastKnownFileType = "compiled.mach-o.dylib"; name = libxml2.dylib; path = usr/lib/libxml2.dylib; sourceTree = SDKROOT; };
		599C8F331A71DB31000E061A /* Coursica 6.xcdatamodel */ = {isa = PBXFileReference; lastKnownFileType = wrapper.xcdatamodel; path = "Coursica 6.xcdatamodel"; sourceTree = "<group>"; };
		59A2EDBB1B33E13D00B22558 /* slider-blue-track@2x.png */ = {isa = PBXFileReference; lastKnownFileType = image.png; path = "slider-blue-track@2x.png"; sourceTree = "<group>"; };
		59A838A81B3775A6008B4551 /* Coursica-Bridging-Header.h */ = {isa = PBXFileReference; lastKnownFileType = sourcecode.c.h; path = "Coursica-Bridging-Header.h"; sourceTree = "<group>"; };
		59B0AEC11B43AEE40018AA85 /* TempCourse.swift */ = {isa = PBXFileReference; fileEncoding = 4; lastKnownFileType = sourcecode.swift; path = TempCourse.swift; sourceTree = "<group>"; };
		59B506D41A76C22D0046BE2F /* Coursica 7.xcdatamodel */ = {isa = PBXFileReference; lastKnownFileType = wrapper.xcdatamodel; path = "Coursica 7.xcdatamodel"; sourceTree = "<group>"; };
		59B506D51A76C49E0046BE2F /* Coursica 8.xcdatamodel */ = {isa = PBXFileReference; lastKnownFileType = wrapper.xcdatamodel; path = "Coursica 8.xcdatamodel"; sourceTree = "<group>"; };
		59B506D61A76CDCF0046BE2F /* Coursica 9.xcdatamodel */ = {isa = PBXFileReference; lastKnownFileType = wrapper.xcdatamodel; path = "Coursica 9.xcdatamodel"; sourceTree = "<group>"; };
		59B9D57F1AF6CA3F0006A57B /* DNA.png */ = {isa = PBXFileReference; lastKnownFileType = image.png; path = DNA.png; sourceTree = "<group>"; };
		59B9D5801AF6CA3F0006A57B /* judge1.png */ = {isa = PBXFileReference; lastKnownFileType = image.png; path = judge1.png; sourceTree = "<group>"; };
		59B9D5811AF6CA3F0006A57B /* telescope7.png */ = {isa = PBXFileReference; lastKnownFileType = image.png; path = telescope7.png; sourceTree = "<group>"; };
		59B9D5821AF6CA3F0006A57B /* USA.png */ = {isa = PBXFileReference; lastKnownFileType = image.png; path = USA.png; sourceTree = "<group>"; };
		59B9D5831AF6CA3F0006A57B /* function.png */ = {isa = PBXFileReference; lastKnownFileType = image.png; path = function.png; sourceTree = "<group>"; };
		59B9D5841AF6CA3F0006A57B /* Globe.png */ = {isa = PBXFileReference; lastKnownFileType = image.png; path = Globe.png; sourceTree = "<group>"; };
		59B9D5851AF6CA3F0006A57B /* hinduism.png */ = {isa = PBXFileReference; lastKnownFileType = image.png; path = hinduism.png; sourceTree = "<group>"; };
		59B9D5861AF6CA3F0006A57B /* Easel.png */ = {isa = PBXFileReference; lastKnownFileType = image.png; path = Easel.png; sourceTree = "<group>"; };
		59BA6ECE1B3B130300B62FCC /* ListIcon.png */ = {isa = PBXFileReference; lastKnownFileType = image.png; path = ListIcon.png; sourceTree = "<group>"; };
		59C2E46C1A303D0300E13084 /* Coursica 2.xcdatamodel */ = {isa = PBXFileReference; lastKnownFileType = wrapper.xcdatamodel; path = "Coursica 2.xcdatamodel"; sourceTree = "<group>"; };
		59C2E46D1A3145EE00E13084 /* Coursica 3.xcdatamodel */ = {isa = PBXFileReference; lastKnownFileType = wrapper.xcdatamodel; path = "Coursica 3.xcdatamodel"; sourceTree = "<group>"; };
		59CF581F1B3BA82500FB21FC /* ListsViewController.swift */ = {isa = PBXFileReference; fileEncoding = 4; lastKnownFileType = sourcecode.swift; path = ListsViewController.swift; sourceTree = "<group>"; };
		59D4A0461A347F98003FD743 /* NavigationController.h */ = {isa = PBXFileReference; fileEncoding = 4; lastKnownFileType = sourcecode.c.h; path = NavigationController.h; sourceTree = "<group>"; };
		59D4A0471A347F98003FD743 /* NavigationController.m */ = {isa = PBXFileReference; fileEncoding = 4; lastKnownFileType = sourcecode.c.objc; path = NavigationController.m; sourceTree = "<group>"; };
		59D4A0491A34877D003FD743 /* CommentsViewController.h */ = {isa = PBXFileReference; fileEncoding = 4; lastKnownFileType = sourcecode.c.h; path = CommentsViewController.h; sourceTree = "<group>"; };
		59D4A04A1A34877D003FD743 /* CommentsViewController.m */ = {isa = PBXFileReference; fileEncoding = 4; lastKnownFileType = sourcecode.c.objc; path = CommentsViewController.m; sourceTree = "<group>"; };
		59D4A04C1A349291003FD743 /* UILabel+HeightCalculation.h */ = {isa = PBXFileReference; fileEncoding = 4; lastKnownFileType = sourcecode.c.h; path = "UILabel+HeightCalculation.h"; sourceTree = "<group>"; };
		59D4A04D1A349291003FD743 /* UILabel+HeightCalculation.m */ = {isa = PBXFileReference; fileEncoding = 4; lastKnownFileType = sourcecode.c.objc; path = "UILabel+HeightCalculation.m"; sourceTree = "<group>"; };
		59DCAEC11A75D6E800929151 /* SearchManager.h */ = {isa = PBXFileReference; fileEncoding = 4; lastKnownFileType = sourcecode.c.h; path = SearchManager.h; sourceTree = "<group>"; };
		59DCAEC21A75D6E800929151 /* SearchManager.m */ = {isa = PBXFileReference; fileEncoding = 4; lastKnownFileType = sourcecode.c.objc; path = SearchManager.m; sourceTree = "<group>"; };
		59E661D31B01769300200FAE /* DoubleSliderView.h */ = {isa = PBXFileReference; fileEncoding = 4; lastKnownFileType = sourcecode.c.h; path = DoubleSliderView.h; sourceTree = "<group>"; };
		59E661D41B01769300200FAE /* DoubleSliderView.m */ = {isa = PBXFileReference; fileEncoding = 4; lastKnownFileType = sourcecode.c.objc; path = DoubleSliderView.m; sourceTree = "<group>"; };
		59E661D81B01A72A00200FAE /* FadeOut.png */ = {isa = PBXFileReference; lastKnownFileType = image.png; path = FadeOut.png; sourceTree = "<group>"; };
		59E661DA1B0288F700200FAE /* Coursica 14.xcdatamodel */ = {isa = PBXFileReference; lastKnownFileType = wrapper.xcdatamodel; path = "Coursica 14.xcdatamodel"; sourceTree = "<group>"; };
		59E661DB1B07142600200FAE /* Coursica 15.xcdatamodel */ = {isa = PBXFileReference; lastKnownFileType = wrapper.xcdatamodel; path = "Coursica 15.xcdatamodel"; sourceTree = "<group>"; };
		59E8B72D1B23AAA6000F8855 /* QResponse.h */ = {isa = PBXFileReference; fileEncoding = 4; lastKnownFileType = sourcecode.c.h; path = QResponse.h; sourceTree = "<group>"; };
		59E8B72E1B23AAA6000F8855 /* QResponse.m */ = {isa = PBXFileReference; fileEncoding = 4; lastKnownFileType = sourcecode.c.objc; path = QResponse.m; sourceTree = "<group>"; };
		59E8B7301B23AD79000F8855 /* QFacultyReport.h */ = {isa = PBXFileReference; fileEncoding = 4; lastKnownFileType = sourcecode.c.h; path = QFacultyReport.h; sourceTree = "<group>"; };
		59E8B7311B23AD79000F8855 /* QFacultyReport.m */ = {isa = PBXFileReference; fileEncoding = 4; lastKnownFileType = sourcecode.c.objc; path = QFacultyReport.m; sourceTree = "<group>"; };
		59E8B7331B23AEAE000F8855 /* QBaseline.h */ = {isa = PBXFileReference; fileEncoding = 4; lastKnownFileType = sourcecode.c.h; path = QBaseline.h; sourceTree = "<group>"; };
		59E8B7341B23AEAE000F8855 /* QBaseline.m */ = {isa = PBXFileReference; fileEncoding = 4; lastKnownFileType = sourcecode.c.objc; path = QBaseline.m; sourceTree = "<group>"; };
		59F51C681A2545DF0025E021 /* FiltersViewController.h */ = {isa = PBXFileReference; fileEncoding = 4; lastKnownFileType = sourcecode.c.h; path = FiltersViewController.h; sourceTree = "<group>"; };
		59F51C691A2545DF0025E021 /* FiltersViewController.m */ = {isa = PBXFileReference; fileEncoding = 4; lastKnownFileType = sourcecode.c.objc; path = FiltersViewController.m; sourceTree = "<group>"; };
		59F51C6D1A2572C00025E021 /* DetailViewController.h */ = {isa = PBXFileReference; fileEncoding = 4; lastKnownFileType = sourcecode.c.h; path = DetailViewController.h; sourceTree = "<group>"; };
		59F51C6E1A2572C00025E021 /* DetailViewController.m */ = {isa = PBXFileReference; fileEncoding = 4; lastKnownFileType = sourcecode.c.objc; path = DetailViewController.m; sourceTree = "<group>"; };
		59FCC2C81B3BD5C7001A2337 /* List.swift */ = {isa = PBXFileReference; fileEncoding = 4; lastKnownFileType = sourcecode.swift; path = List.swift; sourceTree = "<group>"; };
		59FD1F551B18275500DF9B6F /* Coursica 16.xcdatamodel */ = {isa = PBXFileReference; lastKnownFileType = wrapper.xcdatamodel; path = "Coursica 16.xcdatamodel"; sourceTree = "<group>"; };
		DB15AF7ACAD399D3133E341B /* libPods.a */ = {isa = PBXFileReference; explicitFileType = archive.ar; includeInIndex = 0; path = libPods.a; sourceTree = BUILT_PRODUCTS_DIR; };
		F9609010D3C8F30A1BB61B4B /* Pods.debug.xcconfig */ = {isa = PBXFileReference; includeInIndex = 1; lastKnownFileType = text.xcconfig; name = Pods.debug.xcconfig; path = "Pods/Target Support Files/Pods/Pods.debug.xcconfig"; sourceTree = "<group>"; };
/* End PBXFileReference section */

/* Begin PBXFrameworksBuildPhase section */
		596076A91A1000700038D4F4 /* Frameworks */ = {
			isa = PBXFrameworksBuildPhase;
			buildActionMask = 2147483647;
			files = (
				59002FC21B1AB0440096A92E /* Social.framework in Frameworks */,
				59002FC01B1AB0400096A92E /* Accounts.framework in Frameworks */,
				59002FBE1B1AB0120096A92E /* libsqlite3.dylib in Frameworks */,
				59002FBC1B1AB0080096A92E /* libz.dylib in Frameworks */,
				59002FBA1B1AB0010096A92E /* SystemConfiguration.framework in Frameworks */,
				59002FB81B1AAFF90096A92E /* StoreKit.framework in Frameworks */,
				59002FB61B1AAFF30096A92E /* Security.framework in Frameworks */,
				59002FB41B1AAFED0096A92E /* QuartzCore.framework in Frameworks */,
				59002FB21B1AAFE70096A92E /* MobileCoreServices.framework in Frameworks */,
				59002FB01B1AAFDF0096A92E /* CoreLocation.framework in Frameworks */,
				59002FAE1B1AAFD90096A92E /* CoreGraphics.framework in Frameworks */,
				59002FAC1B1AAFD20096A92E /* CFNetwork.framework in Frameworks */,
				59002FAA1B1AAF6D0096A92E /* AudioToolbox.framework in Frameworks */,
				598CAB8B1A23CB57008D0142 /* libxml2.dylib in Frameworks */,
				98953491A049209DE0D8879E /* libPods.a in Frameworks */,
			);
			runOnlyForDeploymentPostprocessing = 0;
		};
		596076C51A1000710038D4F4 /* Frameworks */ = {
			isa = PBXFrameworksBuildPhase;
			buildActionMask = 2147483647;
			files = (
			);
			runOnlyForDeploymentPostprocessing = 0;
		};
/* End PBXFrameworksBuildPhase section */

/* Begin PBXGroup section */
		596076A31A1000700038D4F4 = {
			isa = PBXGroup;
			children = (
				5933DDED1B2E187700F95394 /* Podfile */,
				596076AE1A1000700038D4F4 /* Coursica */,
				596076CB1A1000710038D4F4 /* CoursicaTests */,
				596076AD1A1000700038D4F4 /* Products */,
				86036A9F276FF8D80D013832 /* Pods */,
				8A6560E31125F0C1D79FF9F4 /* Frameworks */,
			);
			sourceTree = "<group>";
		};
		596076AD1A1000700038D4F4 /* Products */ = {
			isa = PBXGroup;
			children = (
				596076AC1A1000700038D4F4 /* Coursica.app */,
				596076C81A1000710038D4F4 /* CoursicaTests.xctest */,
			);
			name = Products;
			sourceTree = "<group>";
		};
		596076AE1A1000700038D4F4 /* Coursica */ = {
			isa = PBXGroup;
			children = (
				59CF581F1B3BA82500FB21FC /* ListsViewController.swift */,
				59FCC2C81B3BD5C7001A2337 /* List.swift */,
				59B0AEC11B43AEE40018AA85 /* TempCourse.swift */,
				598865141B23A3C50078B06F /* NSString+FirebaseEncode.h */,
				598865151B23A3C50078B06F /* NSString+FirebaseEncode.m */,
				59D4A04C1A349291003FD743 /* UILabel+HeightCalculation.h */,
				59D4A04D1A349291003FD743 /* UILabel+HeightCalculation.m */,
				59D4A0461A347F98003FD743 /* NavigationController.h */,
				59D4A0471A347F98003FD743 /* NavigationController.m */,
				59A838A81B3775A6008B4551 /* Coursica-Bridging-Header.h */,
				596076B31A1000710038D4F4 /* AppDelegate.h */,
				596076B41A1000710038D4F4 /* AppDelegate.m */,
				5988650F1B239CAD0078B06F /* Search */,
				594E93DF1A68D197003DB4E7 /* ShortFields */,
				594E93E11A68D1B7003DB4E7 /* LongFields */,
				5988650E1B239C970078B06F /* Courses */,
				5988650D1B239C900078B06F /* Detail */,
				5988650C1B239C840078B06F /* Login */,
				5988650B1B239C5C0078B06F /* Filters */,
				596076BC1A1000710038D4F4 /* Main.storyboard */,
				596076BF1A1000710038D4F4 /* Images.xcassets */,
				596076C11A1000710038D4F4 /* LaunchScreen.xib */,
				596076B61A1000710038D4F4 /* Coursica.xcdatamodeld */,
				598CAB391A22C7F2008D0142 /* Model */,
				596076AF1A1000700038D4F4 /* Supporting Files */,
			);
			path = Coursica;
			sourceTree = "<group>";
		};
		596076AF1A1000700038D4F4 /* Supporting Files */ = {
			isa = PBXGroup;
			children = (
				595D02EB1B38F5CF00E9B564 /* ListsIcon.png */,
				59BA6ECE1B3B130300B62FCC /* ListIcon.png */,
				5975FD361AE0C9F200180AEC /* jharvard_dark.png */,
				5902E6251A347E9600A38C11 /* SmallSearch.png */,
				5902E61D1A3475DE00A38C11 /* NavBarBg.png */,
				59B9D57E1AF6CA260006A57B /* Gen Ed Icons */,
				596076B01A1000700038D4F4 /* Info.plist */,
				596076B11A1000710038D4F4 /* main.m */,
			);
			name = "Supporting Files";
			sourceTree = "<group>";
		};
		596076CB1A1000710038D4F4 /* CoursicaTests */ = {
			isa = PBXGroup;
			children = (
				596076CE1A1000710038D4F4 /* CoursicaTests.m */,
				596076CC1A1000710038D4F4 /* Supporting Files */,
			);
			path = CoursicaTests;
			sourceTree = "<group>";
		};
		596076CC1A1000710038D4F4 /* Supporting Files */ = {
			isa = PBXGroup;
			children = (
				596076CD1A1000710038D4F4 /* Info.plist */,
			);
			name = "Supporting Files";
			sourceTree = "<group>";
		};
		5988650B1B239C5C0078B06F /* Filters */ = {
			isa = PBXGroup;
			children = (
				595CB1A11B2FFFA400E571C4 /* NMRangeSlider.h */,
				595CB1A21B2FFFA400E571C4 /* NMRangeSlider.m */,
				594C88951B3004E4007F4DFD /* slider-default7-trackBackground.png */,
				594C88961B3004E4007F4DFD /* slider-default7-trackBackground@2x.png */,
				59A2EDBB1B33E13D00B22558 /* slider-blue-track@2x.png */,
				59E661D31B01769300200FAE /* DoubleSliderView.h */,
				59E661D41B01769300200FAE /* DoubleSliderView.m */,
				59F51C681A2545DF0025E021 /* FiltersViewController.h */,
				59F51C691A2545DF0025E021 /* FiltersViewController.m */,
				59E661D81B01A72A00200FAE /* FadeOut.png */,
			);
			name = Filters;
			sourceTree = "<group>";
		};
		5988650C1B239C840078B06F /* Login */ = {
			isa = PBXGroup;
			children = (
				2DE095481A71583C00FD524A /* LoginViewController.h */,
				2DE095491A71589200FD524A /* LoginViewController.m */,
			);
			name = Login;
			sourceTree = "<group>";
		};
		5988650D1B239C900078B06F /* Detail */ = {
			isa = PBXGroup;
			children = (
				598865101B239CC10078B06F /* Comments */,
				59F51C6D1A2572C00025E021 /* DetailViewController.h */,
				59F51C6E1A2572C00025E021 /* DetailViewController.m */,
				5933DDEF1B2E1BF500F95394 /* MapViewController.h */,
				5933DDF01B2E1BF500F95394 /* MapViewController.m */,
			);
			name = Detail;
			sourceTree = "<group>";
		};
		5988650E1B239C970078B06F /* Courses */ = {
			isa = PBXGroup;
			children = (
				596076B91A1000710038D4F4 /* CoursesViewController.h */,
				596076BA1A1000710038D4F4 /* CoursesViewController.m */,
			);
			name = Courses;
			sourceTree = "<group>";
		};
		5988650F1B239CAD0078B06F /* Search */ = {
			isa = PBXGroup;
			children = (
				59DCAEC11A75D6E800929151 /* SearchManager.h */,
				59DCAEC21A75D6E800929151 /* SearchManager.m */,
			);
			name = Search;
			sourceTree = "<group>";
		};
		598865101B239CC10078B06F /* Comments */ = {
			isa = PBXGroup;
			children = (
				59D4A0491A34877D003FD743 /* CommentsViewController.h */,
				59D4A04A1A34877D003FD743 /* CommentsViewController.m */,
			);
			name = Comments;
			sourceTree = "<group>";
		};
		598CAB391A22C7F2008D0142 /* Model */ = {
			isa = PBXGroup;
			children = (
				59E8B7301B23AD79000F8855 /* QFacultyReport.h */,
				59E8B7311B23AD79000F8855 /* QFacultyReport.m */,
				5926C2DB1AE57B1000342A5A /* QReport.h */,
				5926C2DC1AE57B1000342A5A /* QReport.m */,
				59E8B7331B23AEAE000F8855 /* QBaseline.h */,
				59E8B7341B23AEAE000F8855 /* QBaseline.m */,
				59E8B72D1B23AAA6000F8855 /* QResponse.h */,
				59E8B72E1B23AAA6000F8855 /* QResponse.m */,
				598CAB361A22C7EC008D0142 /* Faculty.h */,
				598CAB371A22C7EC008D0142 /* Faculty.m */,
				598CAB331A22C7EC008D0142 /* Location.h */,
				598CAB341A22C7EC008D0142 /* Location.m */,
				598CAB301A22C7EC008D0142 /* Meeting.h */,
				598CAB311A22C7EC008D0142 /* Meeting.m */,
				598CAB2D1A22C7EA008D0142 /* Course.h */,
				598CAB2E1A22C7EA008D0142 /* Course.m */,
				595575FC1A2E74B9000ABAD8 /* QScore.h */,
				595575FD1A2E74B9000ABAD8 /* QScore.m */,
				595575F91A2E74B9000ABAD8 /* QComment.h */,
				595575FA1A2E74B9000ABAD8 /* QComment.m */,
			);
			name = Model;
			sourceTree = "<group>";
		};
		59B9D57E1AF6CA260006A57B /* Gen Ed Icons */ = {
			isa = PBXGroup;
			children = (
				59B9D57F1AF6CA3F0006A57B /* DNA.png */,
				59B9D5801AF6CA3F0006A57B /* judge1.png */,
				59B9D5811AF6CA3F0006A57B /* telescope7.png */,
				59B9D5821AF6CA3F0006A57B /* USA.png */,
				59B9D5831AF6CA3F0006A57B /* function.png */,
				59B9D5841AF6CA3F0006A57B /* Globe.png */,
				59B9D5851AF6CA3F0006A57B /* hinduism.png */,
				59B9D5861AF6CA3F0006A57B /* Easel.png */,
			);
			name = "Gen Ed Icons";
			sourceTree = "<group>";
		};
		86036A9F276FF8D80D013832 /* Pods */ = {
			isa = PBXGroup;
			children = (
				F9609010D3C8F30A1BB61B4B /* Pods.debug.xcconfig */,
				042A5F06587ECF071CB434D7 /* Pods.release.xcconfig */,
			);
			name = Pods;
			sourceTree = "<group>";
		};
		8A6560E31125F0C1D79FF9F4 /* Frameworks */ = {
			isa = PBXGroup;
			children = (
				59002FC11B1AB0440096A92E /* Social.framework */,
				59002FBF1B1AB0400096A92E /* Accounts.framework */,
				59002FBD1B1AB0120096A92E /* libsqlite3.dylib */,
				59002FBB1B1AB0080096A92E /* libz.dylib */,
				59002FB91B1AB0010096A92E /* SystemConfiguration.framework */,
				59002FB71B1AAFF90096A92E /* StoreKit.framework */,
				59002FB51B1AAFF30096A92E /* Security.framework */,
				59002FB31B1AAFED0096A92E /* QuartzCore.framework */,
				59002FB11B1AAFE70096A92E /* MobileCoreServices.framework */,
				59002FAF1B1AAFDF0096A92E /* CoreLocation.framework */,
				59002FAD1B1AAFD90096A92E /* CoreGraphics.framework */,
				59002FAB1B1AAFD20096A92E /* CFNetwork.framework */,
				59002FA91B1AAF6D0096A92E /* AudioToolbox.framework */,
				598CAB8A1A23CB57008D0142 /* libxml2.dylib */,
				598CAB7E1A23CA05008D0142 /* libxml2.2.dylib */,
				DB15AF7ACAD399D3133E341B /* libPods.a */,
			);
			name = Frameworks;
			sourceTree = "<group>";
		};
/* End PBXGroup section */

/* Begin PBXNativeTarget section */
		596076AB1A1000700038D4F4 /* Coursica */ = {
			isa = PBXNativeTarget;
			buildConfigurationList = 596076D21A1000710038D4F4 /* Build configuration list for PBXNativeTarget "Coursica" */;
			buildPhases = (
				E36478F10EF2288F31AD920A /* Check Pods Manifest.lock */,
				596076A81A1000700038D4F4 /* Sources */,
				596076A91A1000700038D4F4 /* Frameworks */,
				596076AA1A1000700038D4F4 /* Resources */,
				F9D736DA3BB554BB680EB587 /* Copy Pods Resources */,
			);
			buildRules = (
			);
			dependencies = (
			);
			name = Coursica;
			productName = Coursica;
			productReference = 596076AC1A1000700038D4F4 /* Coursica.app */;
			productType = "com.apple.product-type.application";
		};
		596076C71A1000710038D4F4 /* CoursicaTests */ = {
			isa = PBXNativeTarget;
			buildConfigurationList = 596076D51A1000710038D4F4 /* Build configuration list for PBXNativeTarget "CoursicaTests" */;
			buildPhases = (
				596076C41A1000710038D4F4 /* Sources */,
				596076C51A1000710038D4F4 /* Frameworks */,
				596076C61A1000710038D4F4 /* Resources */,
			);
			buildRules = (
			);
			dependencies = (
				596076CA1A1000710038D4F4 /* PBXTargetDependency */,
			);
			name = CoursicaTests;
			productName = CoursicaTests;
			productReference = 596076C81A1000710038D4F4 /* CoursicaTests.xctest */;
			productType = "com.apple.product-type.bundle.unit-test";
		};
/* End PBXNativeTarget section */

/* Begin PBXProject section */
		596076A41A1000700038D4F4 /* Project object */ = {
			isa = PBXProject;
			attributes = {
				LastUpgradeCheck = 0610;
				ORGANIZATIONNAME = "Prestige Worldwide";
				TargetAttributes = {
					596076AB1A1000700038D4F4 = {
						CreatedOnToolsVersion = 6.1;
						DevelopmentTeam = 3G3N926KUW;
					};
					596076C71A1000710038D4F4 = {
						CreatedOnToolsVersion = 6.1;
						TestTargetID = 596076AB1A1000700038D4F4;
					};
				};
			};
			buildConfigurationList = 596076A71A1000700038D4F4 /* Build configuration list for PBXProject "Coursica" */;
			compatibilityVersion = "Xcode 3.2";
			developmentRegion = English;
			hasScannedForEncodings = 0;
			knownRegions = (
				en,
				Base,
			);
			mainGroup = 596076A31A1000700038D4F4;
			productRefGroup = 596076AD1A1000700038D4F4 /* Products */;
			projectDirPath = "";
			projectRoot = "";
			targets = (
				596076AB1A1000700038D4F4 /* Coursica */,
				596076C71A1000710038D4F4 /* CoursicaTests */,
			);
		};
/* End PBXProject section */

/* Begin PBXResourcesBuildPhase section */
		596076AA1A1000700038D4F4 /* Resources */ = {
			isa = PBXResourcesBuildPhase;
			buildActionMask = 2147483647;
			files = (
				59B9D58E1AF6CA3F0006A57B /* Easel.png in Resources */,
				594C88981B3004E4007F4DFD /* slider-default7-trackBackground@2x.png in Resources */,
				59B9D5891AF6CA3F0006A57B /* telescope7.png in Resources */,
				59B9D58B1AF6CA3F0006A57B /* function.png in Resources */,
				59B9D58C1AF6CA3F0006A57B /* Globe.png in Resources */,
				596076BE1A1000710038D4F4 /* Main.storyboard in Resources */,
				59B9D58D1AF6CA3F0006A57B /* hinduism.png in Resources */,
				596076C31A1000710038D4F4 /* LaunchScreen.xib in Resources */,
				59E661D91B01A72A00200FAE /* FadeOut.png in Resources */,
				594C88971B3004E4007F4DFD /* slider-default7-trackBackground.png in Resources */,
				59B9D58A1AF6CA3F0006A57B /* USA.png in Resources */,
				5933DDEE1B2E187700F95394 /* Podfile in Resources */,
				594E93E21A68D1B7003DB4E7 /* LongFields in Resources */,
				5975FD371AE0C9F200180AEC /* jharvard_dark.png in Resources */,
				5902E61E1A3475DE00A38C11 /* NavBarBg.png in Resources */,
				5902E6261A347E9600A38C11 /* SmallSearch.png in Resources */,
				59B9D5881AF6CA3F0006A57B /* judge1.png in Resources */,
				595D02EC1B38F5CF00E9B564 /* ListsIcon.png in Resources */,
				59A2EDBC1B33E13D00B22558 /* slider-blue-track@2x.png in Resources */,
				59B9D5871AF6CA3F0006A57B /* DNA.png in Resources */,
				59BA6ECF1B3B130300B62FCC /* ListIcon.png in Resources */,
				596076C01A1000710038D4F4 /* Images.xcassets in Resources */,
				594E93E01A68D197003DB4E7 /* ShortFields in Resources */,
			);
			runOnlyForDeploymentPostprocessing = 0;
		};
		596076C61A1000710038D4F4 /* Resources */ = {
			isa = PBXResourcesBuildPhase;
			buildActionMask = 2147483647;
			files = (
			);
			runOnlyForDeploymentPostprocessing = 0;
		};
/* End PBXResourcesBuildPhase section */

/* Begin PBXShellScriptBuildPhase section */
		E36478F10EF2288F31AD920A /* Check Pods Manifest.lock */ = {
			isa = PBXShellScriptBuildPhase;
			buildActionMask = 2147483647;
			files = (
			);
			inputPaths = (
			);
			name = "Check Pods Manifest.lock";
			outputPaths = (
			);
			runOnlyForDeploymentPostprocessing = 0;
			shellPath = /bin/sh;
			shellScript = "diff \"${PODS_ROOT}/../Podfile.lock\" \"${PODS_ROOT}/Manifest.lock\" > /dev/null\nif [[ $? != 0 ]] ; then\n    cat << EOM\nerror: The sandbox is not in sync with the Podfile.lock. Run 'pod install' or update your CocoaPods installation.\nEOM\n    exit 1\nfi\n";
			showEnvVarsInLog = 0;
		};
		F9D736DA3BB554BB680EB587 /* Copy Pods Resources */ = {
			isa = PBXShellScriptBuildPhase;
			buildActionMask = 2147483647;
			files = (
			);
			inputPaths = (
			);
			name = "Copy Pods Resources";
			outputPaths = (
			);
			runOnlyForDeploymentPostprocessing = 0;
			shellPath = /bin/sh;
			shellScript = "\"${SRCROOT}/Pods/Target Support Files/Pods/Pods-resources.sh\"\n";
			showEnvVarsInLog = 0;
		};
/* End PBXShellScriptBuildPhase section */

/* Begin PBXSourcesBuildPhase section */
		596076A81A1000700038D4F4 /* Sources */ = {
			isa = PBXSourcesBuildPhase;
			buildActionMask = 2147483647;
			files = (
				59F51C6A1A2545DF0025E021 /* FiltersViewController.m in Sources */,
				5926C2DD1AE57B1000342A5A /* QReport.m in Sources */,
				59E8B7351B23AEAE000F8855 /* QBaseline.m in Sources */,
				5933DDF11B2E1BF500F95394 /* MapViewController.m in Sources */,
				59DCAEC31A75D6E800929151 /* SearchManager.m in Sources */,
				595575FE1A2E74B9000ABAD8 /* QScore.m in Sources */,
				59E8B7321B23AD79000F8855 /* QFacultyReport.m in Sources */,
				596076B51A1000710038D4F4 /* AppDelegate.m in Sources */,
				598CAB351A22C7EC008D0142 /* Location.m in Sources */,
				598CAB321A22C7EC008D0142 /* Meeting.m in Sources */,
				59E8B72F1B23AAA6000F8855 /* QResponse.m in Sources */,
				59F51C6F1A2572C00025E021 /* DetailViewController.m in Sources */,
				59D4A04E1A349291003FD743 /* UILabel+HeightCalculation.m in Sources */,
				59CF58201B3BA82500FB21FC /* ListsViewController.swift in Sources */,
				596076B81A1000710038D4F4 /* Coursica.xcdatamodeld in Sources */,
				2DE0954A1A71589200FD524A /* LoginViewController.m in Sources */,
				59D4A04B1A34877D003FD743 /* CommentsViewController.m in Sources */,
				598CAB381A22C7EC008D0142 /* Faculty.m in Sources */,
				59B0AEC21B43AEE40018AA85 /* TempCourse.swift in Sources */,
				596076BB1A1000710038D4F4 /* CoursesViewController.m in Sources */,
				595CB1A31B2FFFA400E571C4 /* NMRangeSlider.m in Sources */,
				59FCC2C91B3BD5C7001A2337 /* List.swift in Sources */,
				595575FB1A2E74B9000ABAD8 /* QComment.m in Sources */,
				598865161B23A3C50078B06F /* NSString+FirebaseEncode.m in Sources */,
				596076B21A1000710038D4F4 /* main.m in Sources */,
				598CAB2F1A22C7EA008D0142 /* Course.m in Sources */,
				59E661D51B01769300200FAE /* DoubleSliderView.m in Sources */,
				59D4A0481A347F98003FD743 /* NavigationController.m in Sources */,
			);
			runOnlyForDeploymentPostprocessing = 0;
		};
		596076C41A1000710038D4F4 /* Sources */ = {
			isa = PBXSourcesBuildPhase;
			buildActionMask = 2147483647;
			files = (
				596076CF1A1000710038D4F4 /* CoursicaTests.m in Sources */,
			);
			runOnlyForDeploymentPostprocessing = 0;
		};
/* End PBXSourcesBuildPhase section */

/* Begin PBXTargetDependency section */
		596076CA1A1000710038D4F4 /* PBXTargetDependency */ = {
			isa = PBXTargetDependency;
			target = 596076AB1A1000700038D4F4 /* Coursica */;
			targetProxy = 596076C91A1000710038D4F4 /* PBXContainerItemProxy */;
		};
/* End PBXTargetDependency section */

/* Begin PBXVariantGroup section */
		596076BC1A1000710038D4F4 /* Main.storyboard */ = {
			isa = PBXVariantGroup;
			children = (
				596076BD1A1000710038D4F4 /* Base */,
			);
			name = Main.storyboard;
			sourceTree = "<group>";
		};
		596076C11A1000710038D4F4 /* LaunchScreen.xib */ = {
			isa = PBXVariantGroup;
			children = (
				596076C21A1000710038D4F4 /* Base */,
			);
			name = LaunchScreen.xib;
			sourceTree = "<group>";
		};
/* End PBXVariantGroup section */

/* Begin XCBuildConfiguration section */
		596076D01A1000710038D4F4 /* Debug */ = {
			isa = XCBuildConfiguration;
			buildSettings = {
				ALWAYS_SEARCH_USER_PATHS = NO;
				CLANG_CXX_LANGUAGE_STANDARD = "gnu++0x";
				CLANG_CXX_LIBRARY = "libc++";
				CLANG_ENABLE_MODULES = YES;
				CLANG_ENABLE_OBJC_ARC = YES;
				CLANG_WARN_BOOL_CONVERSION = YES;
				CLANG_WARN_CONSTANT_CONVERSION = YES;
				CLANG_WARN_DIRECT_OBJC_ISA_USAGE = YES_ERROR;
				CLANG_WARN_EMPTY_BODY = YES;
				CLANG_WARN_ENUM_CONVERSION = YES;
				CLANG_WARN_INT_CONVERSION = YES;
				CLANG_WARN_OBJC_ROOT_CLASS = YES_ERROR;
				CLANG_WARN_UNREACHABLE_CODE = YES;
				CLANG_WARN__DUPLICATE_METHOD_MATCH = YES;
				"CODE_SIGN_IDENTITY[sdk=iphoneos*]" = "iPhone Developer";
				COPY_PHASE_STRIP = NO;
				ENABLE_STRICT_OBJC_MSGSEND = YES;
				GCC_C_LANGUAGE_STANDARD = gnu99;
				GCC_DYNAMIC_NO_PIC = NO;
				GCC_OPTIMIZATION_LEVEL = 0;
				GCC_PREPROCESSOR_DEFINITIONS = (
					"DEBUG=1",
					"$(inherited)",
				);
				GCC_SYMBOLS_PRIVATE_EXTERN = NO;
				GCC_WARN_64_TO_32_BIT_CONVERSION = YES;
				GCC_WARN_ABOUT_RETURN_TYPE = YES_ERROR;
				GCC_WARN_UNDECLARED_SELECTOR = YES;
				GCC_WARN_UNINITIALIZED_AUTOS = YES_AGGRESSIVE;
				GCC_WARN_UNUSED_FUNCTION = YES;
				GCC_WARN_UNUSED_VARIABLE = YES;
				HEADER_SEARCH_PATHS = (
					"$(inherited)",
					/Applications/Xcode.app/Contents/Developer/Toolchains/XcodeDefault.xctoolchain/usr/include,
				);
				IPHONEOS_DEPLOYMENT_TARGET = 8.1;
				MTL_ENABLE_DEBUG_INFO = YES;
				ONLY_ACTIVE_ARCH = YES;
				SDKROOT = iphoneos;
			};
			name = Debug;
		};
		596076D11A1000710038D4F4 /* Release */ = {
			isa = XCBuildConfiguration;
			buildSettings = {
				ALWAYS_SEARCH_USER_PATHS = NO;
				CLANG_CXX_LANGUAGE_STANDARD = "gnu++0x";
				CLANG_CXX_LIBRARY = "libc++";
				CLANG_ENABLE_MODULES = YES;
				CLANG_ENABLE_OBJC_ARC = YES;
				CLANG_WARN_BOOL_CONVERSION = YES;
				CLANG_WARN_CONSTANT_CONVERSION = YES;
				CLANG_WARN_DIRECT_OBJC_ISA_USAGE = YES_ERROR;
				CLANG_WARN_EMPTY_BODY = YES;
				CLANG_WARN_ENUM_CONVERSION = YES;
				CLANG_WARN_INT_CONVERSION = YES;
				CLANG_WARN_OBJC_ROOT_CLASS = YES_ERROR;
				CLANG_WARN_UNREACHABLE_CODE = YES;
				CLANG_WARN__DUPLICATE_METHOD_MATCH = YES;
				"CODE_SIGN_IDENTITY[sdk=iphoneos*]" = "iPhone Developer";
				COPY_PHASE_STRIP = YES;
				ENABLE_NS_ASSERTIONS = NO;
				ENABLE_STRICT_OBJC_MSGSEND = YES;
				GCC_C_LANGUAGE_STANDARD = gnu99;
				GCC_WARN_64_TO_32_BIT_CONVERSION = YES;
				GCC_WARN_ABOUT_RETURN_TYPE = YES_ERROR;
				GCC_WARN_UNDECLARED_SELECTOR = YES;
				GCC_WARN_UNINITIALIZED_AUTOS = YES_AGGRESSIVE;
				GCC_WARN_UNUSED_FUNCTION = YES;
				GCC_WARN_UNUSED_VARIABLE = YES;
				HEADER_SEARCH_PATHS = (
					"$(inherited)",
					/Applications/Xcode.app/Contents/Developer/Toolchains/XcodeDefault.xctoolchain/usr/include,
				);
				IPHONEOS_DEPLOYMENT_TARGET = 8.1;
				MTL_ENABLE_DEBUG_INFO = NO;
				SDKROOT = iphoneos;
				VALIDATE_PRODUCT = YES;
			};
			name = Release;
		};
		596076D31A1000710038D4F4 /* Debug */ = {
			isa = XCBuildConfiguration;
			baseConfigurationReference = F9609010D3C8F30A1BB61B4B /* Pods.debug.xcconfig */;
			buildSettings = {
				ASSETCATALOG_COMPILER_APPICON_NAME = AppIcon;
				CLANG_ENABLE_MODULES = YES;
				CODE_SIGN_IDENTITY = "iPhone Developer";
				"CODE_SIGN_IDENTITY[sdk=iphoneos*]" = "iPhone Developer";
				FRAMEWORK_SEARCH_PATHS = (
					"$(inherited)",
					"$(PROJECT_DIR)",
				);
				HEADER_SEARCH_PATHS = (
					"\"${PODS_ROOT}/Headers/Public\"",
					"\"${PODS_ROOT}/Headers/Public/AFNetworking\"",
					"\"${PODS_ROOT}/Headers/Public/MMDrawerController\"",
					"$(SDKROOT)/usr/include/libxml2",
				);
				INFOPLIST_FILE = Coursica/Info.plist;
				IPHONEOS_DEPLOYMENT_TARGET = 8.0;
				LD_RUNPATH_SEARCH_PATHS = "$(inherited) @executable_path/Frameworks";
				PRODUCT_NAME = "$(TARGET_NAME)";
				PROVISIONING_PROFILE = "";
				SWIFT_OBJC_BRIDGING_HEADER = "Coursica/Coursica-Bridging-Header.h";
				SWIFT_OPTIMIZATION_LEVEL = "-Onone";
			};
			name = Debug;
		};
		596076D41A1000710038D4F4 /* Release */ = {
			isa = XCBuildConfiguration;
			baseConfigurationReference = 042A5F06587ECF071CB434D7 /* Pods.release.xcconfig */;
			buildSettings = {
				ASSETCATALOG_COMPILER_APPICON_NAME = AppIcon;
				CLANG_ENABLE_MODULES = YES;
				CODE_SIGN_IDENTITY = "iPhone Developer";
				"CODE_SIGN_IDENTITY[sdk=iphoneos*]" = "iPhone Developer";
				FRAMEWORK_SEARCH_PATHS = (
					"$(inherited)",
					"$(PROJECT_DIR)",
				);
				HEADER_SEARCH_PATHS = (
					"\"${PODS_ROOT}/Headers/Public\"",
					"\"${PODS_ROOT}/Headers/Public/AFNetworking\"",
					"\"${PODS_ROOT}/Headers/Public/MMDrawerController\"",
					"$(SDKROOT)/usr/include/libxml2",
				);
				INFOPLIST_FILE = Coursica/Info.plist;
				IPHONEOS_DEPLOYMENT_TARGET = 8.0;
				LD_RUNPATH_SEARCH_PATHS = "$(inherited) @executable_path/Frameworks";
				PRODUCT_NAME = "$(TARGET_NAME)";
				PROVISIONING_PROFILE = "";
				SWIFT_OBJC_BRIDGING_HEADER = "Coursica/Coursica-Bridging-Header.h";
			};
			name = Release;
		};
		596076D61A1000710038D4F4 /* Debug */ = {
			isa = XCBuildConfiguration;
			buildSettings = {
				BUNDLE_LOADER = "$(TEST_HOST)";
				FRAMEWORK_SEARCH_PATHS = (
					"$(SDKROOT)/Developer/Library/Frameworks",
					"$(inherited)",
				);
				GCC_PREPROCESSOR_DEFINITIONS = (
					"DEBUG=1",
					"$(inherited)",
				);
				INFOPLIST_FILE = CoursicaTests/Info.plist;
				LD_RUNPATH_SEARCH_PATHS = "$(inherited) @executable_path/Frameworks @loader_path/Frameworks";
				PRODUCT_NAME = "$(TARGET_NAME)";
				TEST_HOST = "$(BUILT_PRODUCTS_DIR)/Coursica.app/Coursica";
			};
			name = Debug;
		};
		596076D71A1000710038D4F4 /* Release */ = {
			isa = XCBuildConfiguration;
			buildSettings = {
				BUNDLE_LOADER = "$(TEST_HOST)";
				FRAMEWORK_SEARCH_PATHS = (
					"$(SDKROOT)/Developer/Library/Frameworks",
					"$(inherited)",
				);
				INFOPLIST_FILE = CoursicaTests/Info.plist;
				LD_RUNPATH_SEARCH_PATHS = "$(inherited) @executable_path/Frameworks @loader_path/Frameworks";
				PRODUCT_NAME = "$(TARGET_NAME)";
				TEST_HOST = "$(BUILT_PRODUCTS_DIR)/Coursica.app/Coursica";
			};
			name = Release;
		};
/* End XCBuildConfiguration section */

/* Begin XCConfigurationList section */
		596076A71A1000700038D4F4 /* Build configuration list for PBXProject "Coursica" */ = {
			isa = XCConfigurationList;
			buildConfigurations = (
				596076D01A1000710038D4F4 /* Debug */,
				596076D11A1000710038D4F4 /* Release */,
			);
			defaultConfigurationIsVisible = 0;
			defaultConfigurationName = Release;
		};
		596076D21A1000710038D4F4 /* Build configuration list for PBXNativeTarget "Coursica" */ = {
			isa = XCConfigurationList;
			buildConfigurations = (
				596076D31A1000710038D4F4 /* Debug */,
				596076D41A1000710038D4F4 /* Release */,
			);
			defaultConfigurationIsVisible = 0;
			defaultConfigurationName = Release;
		};
		596076D51A1000710038D4F4 /* Build configuration list for PBXNativeTarget "CoursicaTests" */ = {
			isa = XCConfigurationList;
			buildConfigurations = (
				596076D61A1000710038D4F4 /* Debug */,
				596076D71A1000710038D4F4 /* Release */,
			);
			defaultConfigurationIsVisible = 0;
			defaultConfigurationName = Release;
		};
/* End XCConfigurationList section */

/* Begin XCVersionGroup section */
		596076B61A1000710038D4F4 /* Coursica.xcdatamodeld */ = {
			isa = XCVersionGroup;
			children = (
				59FD1F551B18275500DF9B6F /* Coursica 16.xcdatamodel */,
				59E661DB1B07142600200FAE /* Coursica 15.xcdatamodel */,
				59E661DA1B0288F700200FAE /* Coursica 14.xcdatamodel */,
				5926C2E11AE5800800342A5A /* Coursica 11.xcdatamodel */,
				5926C2E21AE58F8A00342A5A /* Coursica 12.xcdatamodel */,
				5926C2DA1AE5583600342A5A /* Coursica 10.xcdatamodel */,
				59C2E46C1A303D0300E13084 /* Coursica 2.xcdatamodel */,
				59C2E46D1A3145EE00E13084 /* Coursica 3.xcdatamodel */,
				597FA8C01A3FF22600D8421E /* Coursica 4.xcdatamodel */,
				592939001A479315004C4303 /* Coursica 5.xcdatamodel */,
				599C8F331A71DB31000E061A /* Coursica 6.xcdatamodel */,
				59B506D51A76C49E0046BE2F /* Coursica 8.xcdatamodel */,
				59B506D61A76CDCF0046BE2F /* Coursica 9.xcdatamodel */,
				59B506D41A76C22D0046BE2F /* Coursica 7.xcdatamodel */,
				596076B71A1000710038D4F4 /* Coursica.xcdatamodel */,
			);
			currentVersion = 59FD1F551B18275500DF9B6F /* Coursica 16.xcdatamodel */;
			path = Coursica.xcdatamodeld;
			sourceTree = "<group>";
			versionGroupType = wrapper.xcdatamodel;
		};
/* End XCVersionGroup section */
	};
	rootObject = 596076A41A1000700038D4F4 /* Project object */;
}
