// !$*UTF8*$!
{
	archiveVersion = 1;
	classes = {
	};
	objectVersion = 46;
	objects = {

/* Begin PBXBuildFile section */
		2DE7AB9B1B572B5A007401C6 /* AnimationBarView.swift in Sources */ = {isa = PBXBuildFile; fileRef = 2DE7AB9A1B572B5A007401C6 /* AnimationBarView.swift */; };
		59002FAA1B1AAF6D0096A92E /* AudioToolbox.framework in Frameworks */ = {isa = PBXBuildFile; fileRef = 59002FA91B1AAF6D0096A92E /* AudioToolbox.framework */; };
		59002FAC1B1AAFD20096A92E /* CFNetwork.framework in Frameworks */ = {isa = PBXBuildFile; fileRef = 59002FAB1B1AAFD20096A92E /* CFNetwork.framework */; };
		59002FAE1B1AAFD90096A92E /* CoreGraphics.framework in Frameworks */ = {isa = PBXBuildFile; fileRef = 59002FAD1B1AAFD90096A92E /* CoreGraphics.framework */; };
		59002FB01B1AAFDF0096A92E /* CoreLocation.framework in Frameworks */ = {isa = PBXBuildFile; fileRef = 59002FAF1B1AAFDF0096A92E /* CoreLocation.framework */; };
		59002FB21B1AAFE70096A92E /* MobileCoreServices.framework in Frameworks */ = {isa = PBXBuildFile; fileRef = 59002FB11B1AAFE70096A92E /* MobileCoreServices.framework */; };
		59002FB41B1AAFED0096A92E /* QuartzCore.framework in Frameworks */ = {isa = PBXBuildFile; fileRef = 59002FB31B1AAFED0096A92E /* QuartzCore.framework */; };
		59002FB61B1AAFF30096A92E /* Security.framework in Frameworks */ = {isa = PBXBuildFile; fileRef = 59002FB51B1AAFF30096A92E /* Security.framework */; };
		59002FBA1B1AB0010096A92E /* SystemConfiguration.framework in Frameworks */ = {isa = PBXBuildFile; fileRef = 59002FB91B1AB0010096A92E /* SystemConfiguration.framework */; };
		59002FBC1B1AB0080096A92E /* libz.dylib in Frameworks */ = {isa = PBXBuildFile; fileRef = 59002FBB1B1AB0080096A92E /* libz.dylib */; };
		59002FBE1B1AB0120096A92E /* libsqlite3.dylib in Frameworks */ = {isa = PBXBuildFile; fileRef = 59002FBD1B1AB0120096A92E /* libsqlite3.dylib */; };
		59002FC01B1AB0400096A92E /* Accounts.framework in Frameworks */ = {isa = PBXBuildFile; fileRef = 59002FBF1B1AB0400096A92E /* Accounts.framework */; };
		59002FC21B1AB0440096A92E /* Social.framework in Frameworks */ = {isa = PBXBuildFile; fileRef = 59002FC11B1AB0440096A92E /* Social.framework */; };
		5902E61E1A3475DE00A38C11 /* NavBarBg.png in Resources */ = {isa = PBXBuildFile; fileRef = 5902E61D1A3475DE00A38C11 /* NavBarBg.png */; };
		5905EE6A1B72BA6E00A4E29A /* CourseTableViewCell.swift in Sources */ = {isa = PBXBuildFile; fileRef = 5905EE691B72BA6E00A4E29A /* CourseTableViewCell.swift */; };
		5905EE6C1B72D03700A4E29A /* seed.realm in Resources */ = {isa = PBXBuildFile; fileRef = 5905EE6B1B72D02A00A4E29A /* seed.realm */; };
		5905EE6E1B72EB7900A4E29A /* Colors.swift in Sources */ = {isa = PBXBuildFile; fileRef = 5905EE6D1B72EB7900A4E29A /* Colors.swift */; };
		5905EE701B72FEC600A4E29A /* FiltersViewController.swift in Sources */ = {isa = PBXBuildFile; fileRef = 5905EE6F1B72FEC600A4E29A /* FiltersViewController.swift */; };
		590B6C4A1B69B3AF00B23C31 /* TFHpple.m in Sources */ = {isa = PBXBuildFile; fileRef = 590B6C451B69B3AF00B23C31 /* TFHpple.m */; };
		590B6C4B1B69B3AF00B23C31 /* TFHppleElement.m in Sources */ = {isa = PBXBuildFile; fileRef = 590B6C471B69B3AF00B23C31 /* TFHppleElement.m */; };
		590B6C4C1B69B3AF00B23C31 /* XPathQuery.m in Sources */ = {isa = PBXBuildFile; fileRef = 590B6C491B69B3AF00B23C31 /* XPathQuery.m */; };
		59178CE41B6308EA003843FC /* ReportParser.swift in Sources */ = {isa = PBXBuildFile; fileRef = 59178CE31B6308EA003843FC /* ReportParser.swift */; };
		59178CE61B63098A003843FC /* ResponseParser.swift in Sources */ = {isa = PBXBuildFile; fileRef = 59178CE51B63098A003843FC /* ResponseParser.swift */; };
		59178CE81B630A33003843FC /* BaselineParser.swift in Sources */ = {isa = PBXBuildFile; fileRef = 59178CE71B630A33003843FC /* BaselineParser.swift */; };
		59178CEA1B630A54003843FC /* BreakdownParser.swift in Sources */ = {isa = PBXBuildFile; fileRef = 59178CE91B630A54003843FC /* BreakdownParser.swift */; };
		5919BB961B474F1800C81B2F /* LoginWebView.swift in Sources */ = {isa = PBXBuildFile; fileRef = 5919BB951B474F1800C81B2F /* LoginWebView.swift */; };
		59213E951B9C9DB5001D3750 /* LegendBarView.swift in Sources */ = {isa = PBXBuildFile; fileRef = 59213E941B9C9DB5001D3750 /* LegendBarView.swift */; };
		59213E971B9CA1A8001D3750 /* LegendView.swift in Sources */ = {isa = PBXBuildFile; fileRef = 59213E961B9CA1A8001D3750 /* LegendView.swift */; };
		592F670D1B56310600F1B5F7 /* CoursesViewController.swift in Sources */ = {isa = PBXBuildFile; fileRef = 592F670C1B56310600F1B5F7 /* CoursesViewController.swift */; };
		5933DDEE1B2E187700F95394 /* Podfile in Resources */ = {isa = PBXBuildFile; fileRef = 5933DDED1B2E187700F95394 /* Podfile */; };
		5933DDF11B2E1BF500F95394 /* MapViewController.m in Sources */ = {isa = PBXBuildFile; fileRef = 5933DDF01B2E1BF500F95394 /* MapViewController.m */; };
		5934DFF41B9B90C800F56989 /* PrerequisitesParser.swift in Sources */ = {isa = PBXBuildFile; fileRef = 5934DFF31B9B90C800F56989 /* PrerequisitesParser.swift */; };
		593747491B6E9551002C1BEC /* Login.swift in Sources */ = {isa = PBXBuildFile; fileRef = 593747481B6E9551002C1BEC /* Login.swift */; };
		5937474B1B6E9AD8002C1BEC /* LoginViewController.swift in Sources */ = {isa = PBXBuildFile; fileRef = 5937474A1B6E9AD8002C1BEC /* LoginViewController.swift */; };
		5937474D1B6EAE9D002C1BEC /* FacultyReportParser.swift in Sources */ = {isa = PBXBuildFile; fileRef = 5937474C1B6EAE9D002C1BEC /* FacultyReportParser.swift */; };
		5937474F1B6ECDF5002C1BEC /* CommentsCell.swift in Sources */ = {isa = PBXBuildFile; fileRef = 5937474E1B6ECDF5002C1BEC /* CommentsCell.swift */; };
		593747511B6ED2A5002C1BEC /* CommentsViewController.swift in Sources */ = {isa = PBXBuildFile; fileRef = 593747501B6ED2A5002C1BEC /* CommentsViewController.swift */; };
		593747531B6EDA8A002C1BEC /* DoubleSliderView.swift in Sources */ = {isa = PBXBuildFile; fileRef = 593747521B6EDA8A002C1BEC /* DoubleSliderView.swift */; };
		5941AA741B8431CE00CFB986 /* MapViewController.swift in Sources */ = {isa = PBXBuildFile; fileRef = 5941AA731B8431CE00CFB986 /* MapViewController.swift */; };
		5942844B1B5E1915004EABC6 /* FiltersViewController-noStoryboard.swift in Sources */ = {isa = PBXBuildFile; fileRef = 5942844A1B5E1915004EABC6 /* FiltersViewController-noStoryboard.swift */; };
		594C88971B3004E4007F4DFD /* slider-default7-trackBackground.png in Resources */ = {isa = PBXBuildFile; fileRef = 594C88951B3004E4007F4DFD /* slider-default7-trackBackground.png */; };
		594C88981B3004E4007F4DFD /* slider-default7-trackBackground@2x.png in Resources */ = {isa = PBXBuildFile; fileRef = 594C88961B3004E4007F4DFD /* slider-default7-trackBackground@2x.png */; };
		594E93E01A68D197003DB4E7 /* ShortFields in Resources */ = {isa = PBXBuildFile; fileRef = 594E93DF1A68D197003DB4E7 /* ShortFields */; };
		594E93E21A68D1B7003DB4E7 /* LongFields in Resources */ = {isa = PBXBuildFile; fileRef = 594E93E11A68D1B7003DB4E7 /* LongFields */; };
		595745821B54DF33006D3FF1 /* CoursicaViewController.swift in Sources */ = {isa = PBXBuildFile; fileRef = 595745811B54DF33006D3FF1 /* CoursicaViewController.swift */; };
		595745841B54E78F006D3FF1 /* DetailViewController.swift in Sources */ = {isa = PBXBuildFile; fileRef = 595745831B54E78F006D3FF1 /* DetailViewController.swift */; };
		595745861B54F2DB006D3FF1 /* Object.swift in Sources */ = {isa = PBXBuildFile; fileRef = 595745851B54F2DB006D3FF1 /* Object.swift */; };
		595745881B54F9DD006D3FF1 /* Search.swift in Sources */ = {isa = PBXBuildFile; fileRef = 595745871B54F9DD006D3FF1 /* Search.swift */; };
		595CB1A31B2FFFA400E571C4 /* NMRangeSlider.m in Sources */ = {isa = PBXBuildFile; fileRef = 595CB1A21B2FFFA400E571C4 /* NMRangeSlider.m */; };
		595D02EC1B38F5CF00E9B564 /* ListsIcon.png in Resources */ = {isa = PBXBuildFile; fileRef = 595D02EB1B38F5CF00E9B564 /* ListsIcon.png */; };
		596076BE1A1000710038D4F4 /* Main.storyboard in Resources */ = {isa = PBXBuildFile; fileRef = 596076BC1A1000710038D4F4 /* Main.storyboard */; };
		596076C01A1000710038D4F4 /* Images.xcassets in Resources */ = {isa = PBXBuildFile; fileRef = 596076BF1A1000710038D4F4 /* Images.xcassets */; };
		596076C31A1000710038D4F4 /* LaunchScreen.xib in Resources */ = {isa = PBXBuildFile; fileRef = 596076C11A1000710038D4F4 /* LaunchScreen.xib */; };
		596076CF1A1000710038D4F4 /* CoursicaTests.m in Sources */ = {isa = PBXBuildFile; fileRef = 596076CE1A1000710038D4F4 /* CoursicaTests.m */; };
		596CD7661B5C4BF000FF5B21 /* CoursesNavigationBar.swift in Sources */ = {isa = PBXBuildFile; fileRef = 596CD7651B5C4BF000FF5B21 /* CoursesNavigationBar.swift */; };
		59700C8C1B54977F00BE07D5 /* Display.swift in Sources */ = {isa = PBXBuildFile; fileRef = 59700C8B1B54977F00BE07D5 /* Display.swift */; };
		5975FD371AE0C9F200180AEC /* jharvard_dark.png in Resources */ = {isa = PBXBuildFile; fileRef = 5975FD361AE0C9F200180AEC /* jharvard_dark.png */; };
		59774B2F1B55E0CC005E52A2 /* FastTokenizer.m in Sources */ = {isa = PBXBuildFile; fileRef = 59774B2E1B55E0CC005E52A2 /* FastTokenizer.m */; };
		59774B311B55E1B8005E52A2 /* Index.swift in Sources */ = {isa = PBXBuildFile; fileRef = 59774B301B55E1B8005E52A2 /* Index.swift */; };
		598865161B23A3C50078B06F /* NSString+FirebaseEncode.m in Sources */ = {isa = PBXBuildFile; fileRef = 598865151B23A3C50078B06F /* NSString+FirebaseEncode.m */; };
		598CAB8B1A23CB57008D0142 /* libxml2.dylib in Frameworks */ = {isa = PBXBuildFile; fileRef = 598CAB8A1A23CB57008D0142 /* libxml2.dylib */; };
		59959DAB1B6AFC17004DE777 /* BreakdownViewController.swift in Sources */ = {isa = PBXBuildFile; fileRef = 59959DAA1B6AFC17004DE777 /* BreakdownViewController.swift */; };
		59959DAD1B6AFD5D004DE777 /* CourseCell.swift in Sources */ = {isa = PBXBuildFile; fileRef = 59959DAC1B6AFD5D004DE777 /* CourseCell.swift */; };
		59959DAF1B6AFD6C004DE777 /* ReportCell.swift in Sources */ = {isa = PBXBuildFile; fileRef = 59959DAE1B6AFD6C004DE777 /* ReportCell.swift */; };
		59959DB11B6B007D004DE777 /* ResponseBarView.swift in Sources */ = {isa = PBXBuildFile; fileRef = 59959DB01B6B007D004DE777 /* ResponseBarView.swift */; };
		599648AA1B5B426000015D02 /* AppDelegate.swift in Sources */ = {isa = PBXBuildFile; fileRef = 599648A91B5B426000015D02 /* AppDelegate.swift */; };
		599648AC1B5B43CA00015D02 /* NavigationController.swift in Sources */ = {isa = PBXBuildFile; fileRef = 599648AB1B5B43CA00015D02 /* NavigationController.swift */; };
		599A2B151BA3C054006E128F /* FacultyViewController.swift in Sources */ = {isa = PBXBuildFile; fileRef = 599A2B141BA3C054006E128F /* FacultyViewController.swift */; };
		59A2EDBC1B33E13D00B22558 /* slider-blue-track@2x.png in Resources */ = {isa = PBXBuildFile; fileRef = 59A2EDBB1B33E13D00B22558 /* slider-blue-track@2x.png */; };
		59ABFA3C1B4727F1006349A6 /* CommentTableViewCell.m in Sources */ = {isa = PBXBuildFile; fileRef = 59ABFA3B1B4727F1006349A6 /* CommentTableViewCell.m */; };
		59B0AEC21B43AEE40018AA85 /* TempCourse.swift in Sources */ = {isa = PBXBuildFile; fileRef = 59B0AEC11B43AEE40018AA85 /* TempCourse.swift */; };
		59B9D5871AF6CA3F0006A57B /* DNA.png in Resources */ = {isa = PBXBuildFile; fileRef = 59B9D57F1AF6CA3F0006A57B /* DNA.png */; };
		59B9D5881AF6CA3F0006A57B /* judge1.png in Resources */ = {isa = PBXBuildFile; fileRef = 59B9D5801AF6CA3F0006A57B /* judge1.png */; };
		59B9D5891AF6CA3F0006A57B /* telescope7.png in Resources */ = {isa = PBXBuildFile; fileRef = 59B9D5811AF6CA3F0006A57B /* telescope7.png */; };
		59B9D58A1AF6CA3F0006A57B /* USA.png in Resources */ = {isa = PBXBuildFile; fileRef = 59B9D5821AF6CA3F0006A57B /* USA.png */; };
		59B9D58B1AF6CA3F0006A57B /* function.png in Resources */ = {isa = PBXBuildFile; fileRef = 59B9D5831AF6CA3F0006A57B /* function.png */; };
		59B9D58C1AF6CA3F0006A57B /* Globe.png in Resources */ = {isa = PBXBuildFile; fileRef = 59B9D5841AF6CA3F0006A57B /* Globe.png */; };
		59B9D58D1AF6CA3F0006A57B /* hinduism.png in Resources */ = {isa = PBXBuildFile; fileRef = 59B9D5851AF6CA3F0006A57B /* hinduism.png */; };
		59B9D58E1AF6CA3F0006A57B /* Easel.png in Resources */ = {isa = PBXBuildFile; fileRef = 59B9D5861AF6CA3F0006A57B /* Easel.png */; };
		59BA6ECF1B3B130300B62FCC /* ListIcon.png in Resources */ = {isa = PBXBuildFile; fileRef = 59BA6ECE1B3B130300B62FCC /* ListIcon.png */; };
		59BC6E4B1B5361450027AA95 /* Course.swift in Sources */ = {isa = PBXBuildFile; fileRef = 59BC6E4A1B5361450027AA95 /* Course.swift */; };
		59BE60101B8B80C600881171 /* KILabel.m in Sources */ = {isa = PBXBuildFile; fileRef = 59BE600F1B8B80C600881171 /* KILabel.m */; };
		59CF58201B3BA82500FB21FC /* ListsViewController.swift in Sources */ = {isa = PBXBuildFile; fileRef = 59CF581F1B3BA82500FB21FC /* ListsViewController.swift */; };
		59D4A04E1A349291003FD743 /* UILabel+HeightCalculation.m in Sources */ = {isa = PBXBuildFile; fileRef = 59D4A04D1A349291003FD743 /* UILabel+HeightCalculation.m */; };
		59DB9F3D1B705BBB0027A16A /* ListsImporter.swift in Sources */ = {isa = PBXBuildFile; fileRef = 59DB9F3C1B705BBB0027A16A /* ListsImporter.swift */; };
		59E661D51B01769300200FAE /* DoubleSliderView.m in Sources */ = {isa = PBXBuildFile; fileRef = 59E661D41B01769300200FAE /* DoubleSliderView.m */; };
		59E661D91B01A72A00200FAE /* FadeOut.png in Resources */ = {isa = PBXBuildFile; fileRef = 59E661D81B01A72A00200FAE /* FadeOut.png */; };
		59EBD0051B5CC84A0055C42C /* InfoCell.swift in Sources */ = {isa = PBXBuildFile; fileRef = 59EBD0041B5CC84A0055C42C /* InfoCell.swift */; };
		59EF28281B9E16CA006029D9 /* Label.swift in Sources */ = {isa = PBXBuildFile; fileRef = 59EF28271B9E16CA006029D9 /* Label.swift */; };
		59EF282A1B9E1BCC006029D9 /* InstructorCell.swift in Sources */ = {isa = PBXBuildFile; fileRef = 59EF28291B9E1BCC006029D9 /* InstructorCell.swift */; };
		59F51C6A1A2545DF0025E021 /* FiltersViewController.m in Sources */ = {isa = PBXBuildFile; fileRef = 59F51C691A2545DF0025E021 /* FiltersViewController.m */; };
		59FCC2C91B3BD5C7001A2337 /* TempCourseList.swift in Sources */ = {isa = PBXBuildFile; fileRef = 59FCC2C81B3BD5C7001A2337 /* TempCourseList.swift */; };
		59FEEFE31B53953A009BA078 /* CS50Downloader.swift in Sources */ = {isa = PBXBuildFile; fileRef = 59FEEFE21B53953A009BA078 /* CS50Downloader.swift */; };
		59FEEFE91B541726009BA078 /* CS50Parser.swift in Sources */ = {isa = PBXBuildFile; fileRef = 59FEEFE81B541726009BA078 /* CS50Parser.swift */; };
		59FF55CC1B4F6D5600915BF4 /* BreakdownCell.swift in Sources */ = {isa = PBXBuildFile; fileRef = 59FF55CB1B4F6D5600915BF4 /* BreakdownCell.swift */; };
		AE24189F87CF4909318EB936 /* Pods.framework in Frameworks */ = {isa = PBXBuildFile; fileRef = EAB48EF430C4FA26F5F553D2 /* Pods.framework */; settings = {ATTRIBUTES = (Weak, ); }; };
/* End PBXBuildFile section */

/* Begin PBXContainerItemProxy section */
		596076C91A1000710038D4F4 /* PBXContainerItemProxy */ = {
			isa = PBXContainerItemProxy;
			containerPortal = 596076A41A1000700038D4F4 /* Project object */;
			proxyType = 1;
			remoteGlobalIDString = 596076AB1A1000700038D4F4;
			remoteInfo = Coursica;
		};
/* End PBXContainerItemProxy section */

/* Begin PBXFileReference section */
		042A5F06587ECF071CB434D7 /* Pods.release.xcconfig */ = {isa = PBXFileReference; includeInIndex = 1; lastKnownFileType = text.xcconfig; name = Pods.release.xcconfig; path = "Pods/Target Support Files/Pods/Pods.release.xcconfig"; sourceTree = "<group>"; };
		2DE7AB9A1B572B5A007401C6 /* AnimationBarView.swift */ = {isa = PBXFileReference; fileEncoding = 4; lastKnownFileType = sourcecode.swift; path = AnimationBarView.swift; sourceTree = "<group>"; };
		59002FA91B1AAF6D0096A92E /* AudioToolbox.framework */ = {isa = PBXFileReference; lastKnownFileType = wrapper.framework; name = AudioToolbox.framework; path = System/Library/Frameworks/AudioToolbox.framework; sourceTree = SDKROOT; };
		59002FAB1B1AAFD20096A92E /* CFNetwork.framework */ = {isa = PBXFileReference; lastKnownFileType = wrapper.framework; name = CFNetwork.framework; path = System/Library/Frameworks/CFNetwork.framework; sourceTree = SDKROOT; };
		59002FAD1B1AAFD90096A92E /* CoreGraphics.framework */ = {isa = PBXFileReference; lastKnownFileType = wrapper.framework; name = CoreGraphics.framework; path = System/Library/Frameworks/CoreGraphics.framework; sourceTree = SDKROOT; };
		59002FAF1B1AAFDF0096A92E /* CoreLocation.framework */ = {isa = PBXFileReference; lastKnownFileType = wrapper.framework; name = CoreLocation.framework; path = System/Library/Frameworks/CoreLocation.framework; sourceTree = SDKROOT; };
		59002FB11B1AAFE70096A92E /* MobileCoreServices.framework */ = {isa = PBXFileReference; lastKnownFileType = wrapper.framework; name = MobileCoreServices.framework; path = System/Library/Frameworks/MobileCoreServices.framework; sourceTree = SDKROOT; };
		59002FB31B1AAFED0096A92E /* QuartzCore.framework */ = {isa = PBXFileReference; lastKnownFileType = wrapper.framework; name = QuartzCore.framework; path = System/Library/Frameworks/QuartzCore.framework; sourceTree = SDKROOT; };
		59002FB51B1AAFF30096A92E /* Security.framework */ = {isa = PBXFileReference; lastKnownFileType = wrapper.framework; name = Security.framework; path = System/Library/Frameworks/Security.framework; sourceTree = SDKROOT; };
		59002FB91B1AB0010096A92E /* SystemConfiguration.framework */ = {isa = PBXFileReference; lastKnownFileType = wrapper.framework; name = SystemConfiguration.framework; path = System/Library/Frameworks/SystemConfiguration.framework; sourceTree = SDKROOT; };
		59002FBB1B1AB0080096A92E /* libz.dylib */ = {isa = PBXFileReference; lastKnownFileType = "compiled.mach-o.dylib"; name = libz.dylib; path = usr/lib/libz.dylib; sourceTree = SDKROOT; };
		59002FBD1B1AB0120096A92E /* libsqlite3.dylib */ = {isa = PBXFileReference; lastKnownFileType = "compiled.mach-o.dylib"; name = libsqlite3.dylib; path = usr/lib/libsqlite3.dylib; sourceTree = SDKROOT; };
		59002FBF1B1AB0400096A92E /* Accounts.framework */ = {isa = PBXFileReference; lastKnownFileType = wrapper.framework; name = Accounts.framework; path = System/Library/Frameworks/Accounts.framework; sourceTree = SDKROOT; };
		59002FC11B1AB0440096A92E /* Social.framework */ = {isa = PBXFileReference; lastKnownFileType = wrapper.framework; name = Social.framework; path = System/Library/Frameworks/Social.framework; sourceTree = SDKROOT; };
		5902E61D1A3475DE00A38C11 /* NavBarBg.png */ = {isa = PBXFileReference; lastKnownFileType = image.png; path = NavBarBg.png; sourceTree = "<group>"; };
		5905EE691B72BA6E00A4E29A /* CourseTableViewCell.swift */ = {isa = PBXFileReference; fileEncoding = 4; lastKnownFileType = sourcecode.swift; path = CourseTableViewCell.swift; sourceTree = "<group>"; };
		5905EE6B1B72D02A00A4E29A /* seed.realm */ = {isa = PBXFileReference; lastKnownFileType = file; path = seed.realm; sourceTree = "<group>"; };
		5905EE6D1B72EB7900A4E29A /* Colors.swift */ = {isa = PBXFileReference; fileEncoding = 4; lastKnownFileType = sourcecode.swift; path = Colors.swift; sourceTree = "<group>"; };
		5905EE6F1B72FEC600A4E29A /* FiltersViewController.swift */ = {isa = PBXFileReference; fileEncoding = 4; lastKnownFileType = sourcecode.swift; path = FiltersViewController.swift; sourceTree = "<group>"; };
		590B6C441B69B3AF00B23C31 /* TFHpple.h */ = {isa = PBXFileReference; fileEncoding = 4; lastKnownFileType = sourcecode.c.h; path = TFHpple.h; sourceTree = "<group>"; };
		590B6C451B69B3AF00B23C31 /* TFHpple.m */ = {isa = PBXFileReference; fileEncoding = 4; lastKnownFileType = sourcecode.c.objc; path = TFHpple.m; sourceTree = "<group>"; };
		590B6C461B69B3AF00B23C31 /* TFHppleElement.h */ = {isa = PBXFileReference; fileEncoding = 4; lastKnownFileType = sourcecode.c.h; path = TFHppleElement.h; sourceTree = "<group>"; };
		590B6C471B69B3AF00B23C31 /* TFHppleElement.m */ = {isa = PBXFileReference; fileEncoding = 4; lastKnownFileType = sourcecode.c.objc; path = TFHppleElement.m; sourceTree = "<group>"; };
		590B6C481B69B3AF00B23C31 /* XPathQuery.h */ = {isa = PBXFileReference; fileEncoding = 4; lastKnownFileType = sourcecode.c.h; path = XPathQuery.h; sourceTree = "<group>"; };
		590B6C491B69B3AF00B23C31 /* XPathQuery.m */ = {isa = PBXFileReference; fileEncoding = 4; lastKnownFileType = sourcecode.c.objc; path = XPathQuery.m; sourceTree = "<group>"; };
		59178CE31B6308EA003843FC /* ReportParser.swift */ = {isa = PBXFileReference; fileEncoding = 4; lastKnownFileType = sourcecode.swift; path = ReportParser.swift; sourceTree = "<group>"; };
		59178CE51B63098A003843FC /* ResponseParser.swift */ = {isa = PBXFileReference; fileEncoding = 4; lastKnownFileType = sourcecode.swift; path = ResponseParser.swift; sourceTree = "<group>"; };
		59178CE71B630A33003843FC /* BaselineParser.swift */ = {isa = PBXFileReference; fileEncoding = 4; lastKnownFileType = sourcecode.swift; path = BaselineParser.swift; sourceTree = "<group>"; };
		59178CE91B630A54003843FC /* BreakdownParser.swift */ = {isa = PBXFileReference; fileEncoding = 4; lastKnownFileType = sourcecode.swift; path = BreakdownParser.swift; sourceTree = "<group>"; };
		5919BB951B474F1800C81B2F /* LoginWebView.swift */ = {isa = PBXFileReference; fileEncoding = 4; lastKnownFileType = sourcecode.swift; path = LoginWebView.swift; sourceTree = "<group>"; };
		59213E941B9C9DB5001D3750 /* LegendBarView.swift */ = {isa = PBXFileReference; fileEncoding = 4; lastKnownFileType = sourcecode.swift; name = LegendBarView.swift; path = ../LegendBarView.swift; sourceTree = "<group>"; };
		59213E961B9CA1A8001D3750 /* LegendView.swift */ = {isa = PBXFileReference; fileEncoding = 4; lastKnownFileType = sourcecode.swift; path = LegendView.swift; sourceTree = "<group>"; };
		592F670C1B56310600F1B5F7 /* CoursesViewController.swift */ = {isa = PBXFileReference; fileEncoding = 4; lastKnownFileType = sourcecode.swift; path = CoursesViewController.swift; sourceTree = "<group>"; usesTabs = 0; };
		5933DDED1B2E187700F95394 /* Podfile */ = {isa = PBXFileReference; fileEncoding = 4; lastKnownFileType = text; path = Podfile; sourceTree = "<group>"; xcLanguageSpecificationIdentifier = xcode.lang.ruby; };
		5933DDEF1B2E1BF500F95394 /* MapViewController.h */ = {isa = PBXFileReference; fileEncoding = 4; lastKnownFileType = sourcecode.c.h; name = MapViewController.h; path = Coursica/MapViewController.h; sourceTree = "<group>"; };
		5933DDF01B2E1BF500F95394 /* MapViewController.m */ = {isa = PBXFileReference; fileEncoding = 4; lastKnownFileType = sourcecode.c.objc; name = MapViewController.m; path = Coursica/MapViewController.m; sourceTree = "<group>"; };
		5934DFF31B9B90C800F56989 /* PrerequisitesParser.swift */ = {isa = PBXFileReference; fileEncoding = 4; lastKnownFileType = sourcecode.swift; path = PrerequisitesParser.swift; sourceTree = "<group>"; };
		593747481B6E9551002C1BEC /* Login.swift */ = {isa = PBXFileReference; fileEncoding = 4; lastKnownFileType = sourcecode.swift; path = Login.swift; sourceTree = "<group>"; };
		5937474A1B6E9AD8002C1BEC /* LoginViewController.swift */ = {isa = PBXFileReference; fileEncoding = 4; lastKnownFileType = sourcecode.swift; path = LoginViewController.swift; sourceTree = "<group>"; };
		5937474C1B6EAE9D002C1BEC /* FacultyReportParser.swift */ = {isa = PBXFileReference; fileEncoding = 4; lastKnownFileType = sourcecode.swift; path = FacultyReportParser.swift; sourceTree = "<group>"; };
		5937474E1B6ECDF5002C1BEC /* CommentsCell.swift */ = {isa = PBXFileReference; fileEncoding = 4; lastKnownFileType = sourcecode.swift; path = CommentsCell.swift; sourceTree = "<group>"; };
		593747501B6ED2A5002C1BEC /* CommentsViewController.swift */ = {isa = PBXFileReference; fileEncoding = 4; lastKnownFileType = sourcecode.swift; path = CommentsViewController.swift; sourceTree = "<group>"; };
		593747521B6EDA8A002C1BEC /* DoubleSliderView.swift */ = {isa = PBXFileReference; fileEncoding = 4; lastKnownFileType = sourcecode.swift; path = DoubleSliderView.swift; sourceTree = "<group>"; };
		5941AA731B8431CE00CFB986 /* MapViewController.swift */ = {isa = PBXFileReference; fileEncoding = 4; lastKnownFileType = sourcecode.swift; path = MapViewController.swift; sourceTree = "<group>"; };
		5942844A1B5E1915004EABC6 /* FiltersViewController-noStoryboard.swift */ = {isa = PBXFileReference; fileEncoding = 4; lastKnownFileType = sourcecode.swift; path = "FiltersViewController-noStoryboard.swift"; sourceTree = "<group>"; };
		594C88951B3004E4007F4DFD /* slider-default7-trackBackground.png */ = {isa = PBXFileReference; lastKnownFileType = image.png; path = "slider-default7-trackBackground.png"; sourceTree = "<group>"; };
		594C88961B3004E4007F4DFD /* slider-default7-trackBackground@2x.png */ = {isa = PBXFileReference; lastKnownFileType = image.png; path = "slider-default7-trackBackground@2x.png"; sourceTree = "<group>"; };
		594E93DF1A68D197003DB4E7 /* ShortFields */ = {isa = PBXFileReference; fileEncoding = 4; lastKnownFileType = text; path = ShortFields; sourceTree = "<group>"; };
		594E93E11A68D1B7003DB4E7 /* LongFields */ = {isa = PBXFileReference; fileEncoding = 4; lastKnownFileType = text; path = LongFields; sourceTree = "<group>"; };
		595745811B54DF33006D3FF1 /* CoursicaViewController.swift */ = {isa = PBXFileReference; fileEncoding = 4; lastKnownFileType = sourcecode.swift; path = CoursicaViewController.swift; sourceTree = "<group>"; };
		595745831B54E78F006D3FF1 /* DetailViewController.swift */ = {isa = PBXFileReference; fileEncoding = 4; lastKnownFileType = sourcecode.swift; path = DetailViewController.swift; sourceTree = "<group>"; };
		595745851B54F2DB006D3FF1 /* Object.swift */ = {isa = PBXFileReference; fileEncoding = 4; lastKnownFileType = sourcecode.swift; path = Object.swift; sourceTree = "<group>"; };
		595745871B54F9DD006D3FF1 /* Search.swift */ = {isa = PBXFileReference; fileEncoding = 4; lastKnownFileType = sourcecode.swift; path = Search.swift; sourceTree = "<group>"; };
		595CB1A11B2FFFA400E571C4 /* NMRangeSlider.h */ = {isa = PBXFileReference; fileEncoding = 4; lastKnownFileType = sourcecode.c.h; path = NMRangeSlider.h; sourceTree = "<group>"; };
		595CB1A21B2FFFA400E571C4 /* NMRangeSlider.m */ = {isa = PBXFileReference; fileEncoding = 4; lastKnownFileType = sourcecode.c.objc; path = NMRangeSlider.m; sourceTree = "<group>"; };
		595D02EB1B38F5CF00E9B564 /* ListsIcon.png */ = {isa = PBXFileReference; lastKnownFileType = image.png; path = ListsIcon.png; sourceTree = "<group>"; };
		596076AC1A1000700038D4F4 /* Coursica.app */ = {isa = PBXFileReference; explicitFileType = wrapper.application; includeInIndex = 0; path = Coursica.app; sourceTree = BUILT_PRODUCTS_DIR; };
		596076B01A1000700038D4F4 /* Info.plist */ = {isa = PBXFileReference; lastKnownFileType = text.plist.xml; path = Info.plist; sourceTree = "<group>"; };
		596076BD1A1000710038D4F4 /* Base */ = {isa = PBXFileReference; lastKnownFileType = file.storyboard; name = Base; path = Base.lproj/Main.storyboard; sourceTree = "<group>"; };
		596076BF1A1000710038D4F4 /* Images.xcassets */ = {isa = PBXFileReference; lastKnownFileType = folder.assetcatalog; path = Images.xcassets; sourceTree = "<group>"; };
		596076C21A1000710038D4F4 /* Base */ = {isa = PBXFileReference; lastKnownFileType = file.xib; name = Base; path = Base.lproj/LaunchScreen.xib; sourceTree = "<group>"; };
		596076C81A1000710038D4F4 /* CoursicaTests.xctest */ = {isa = PBXFileReference; explicitFileType = wrapper.cfbundle; includeInIndex = 0; path = CoursicaTests.xctest; sourceTree = BUILT_PRODUCTS_DIR; };
		596076CD1A1000710038D4F4 /* Info.plist */ = {isa = PBXFileReference; lastKnownFileType = text.plist.xml; path = Info.plist; sourceTree = "<group>"; };
		596076CE1A1000710038D4F4 /* CoursicaTests.m */ = {isa = PBXFileReference; lastKnownFileType = sourcecode.c.objc; path = CoursicaTests.m; sourceTree = "<group>"; };
		596CD7651B5C4BF000FF5B21 /* CoursesNavigationBar.swift */ = {isa = PBXFileReference; fileEncoding = 4; lastKnownFileType = sourcecode.swift; path = CoursesNavigationBar.swift; sourceTree = "<group>"; };
		59700C8B1B54977F00BE07D5 /* Display.swift */ = {isa = PBXFileReference; fileEncoding = 4; lastKnownFileType = sourcecode.swift; path = Display.swift; sourceTree = "<group>"; };
		5975FD361AE0C9F200180AEC /* jharvard_dark.png */ = {isa = PBXFileReference; lastKnownFileType = image.png; path = jharvard_dark.png; sourceTree = "<group>"; };
		59774B2D1B55E0CC005E52A2 /* FastTokenizer.h */ = {isa = PBXFileReference; fileEncoding = 4; lastKnownFileType = sourcecode.c.h; path = FastTokenizer.h; sourceTree = "<group>"; };
		59774B2E1B55E0CC005E52A2 /* FastTokenizer.m */ = {isa = PBXFileReference; fileEncoding = 4; lastKnownFileType = sourcecode.c.objc; path = FastTokenizer.m; sourceTree = "<group>"; };
		59774B301B55E1B8005E52A2 /* Index.swift */ = {isa = PBXFileReference; fileEncoding = 4; lastKnownFileType = sourcecode.swift; path = Index.swift; sourceTree = "<group>"; };
		598865141B23A3C50078B06F /* NSString+FirebaseEncode.h */ = {isa = PBXFileReference; fileEncoding = 4; lastKnownFileType = sourcecode.c.h; path = "NSString+FirebaseEncode.h"; sourceTree = "<group>"; };
		598865151B23A3C50078B06F /* NSString+FirebaseEncode.m */ = {isa = PBXFileReference; fileEncoding = 4; lastKnownFileType = sourcecode.c.objc; path = "NSString+FirebaseEncode.m"; sourceTree = "<group>"; };
		598CAB7E1A23CA05008D0142 /* libxml2.2.dylib */ = {isa = PBXFileReference; lastKnownFileType = "compiled.mach-o.dylib"; name = libxml2.2.dylib; path = usr/lib/libxml2.2.dylib; sourceTree = SDKROOT; };
		598CAB8A1A23CB57008D0142 /* libxml2.dylib */ = {isa = PBXFileReference; lastKnownFileType = "compiled.mach-o.dylib"; name = libxml2.dylib; path = usr/lib/libxml2.dylib; sourceTree = SDKROOT; };
		59959DAA1B6AFC17004DE777 /* BreakdownViewController.swift */ = {isa = PBXFileReference; fileEncoding = 4; lastKnownFileType = sourcecode.swift; path = BreakdownViewController.swift; sourceTree = "<group>"; };
		59959DAC1B6AFD5D004DE777 /* CourseCell.swift */ = {isa = PBXFileReference; fileEncoding = 4; lastKnownFileType = sourcecode.swift; path = CourseCell.swift; sourceTree = "<group>"; };
		59959DAE1B6AFD6C004DE777 /* ReportCell.swift */ = {isa = PBXFileReference; fileEncoding = 4; lastKnownFileType = sourcecode.swift; path = ReportCell.swift; sourceTree = "<group>"; };
		59959DB01B6B007D004DE777 /* ResponseBarView.swift */ = {isa = PBXFileReference; fileEncoding = 4; lastKnownFileType = sourcecode.swift; path = ResponseBarView.swift; sourceTree = "<group>"; };
		599648A91B5B426000015D02 /* AppDelegate.swift */ = {isa = PBXFileReference; fileEncoding = 4; lastKnownFileType = sourcecode.swift; path = AppDelegate.swift; sourceTree = "<group>"; };
		599648AB1B5B43CA00015D02 /* NavigationController.swift */ = {isa = PBXFileReference; fileEncoding = 4; lastKnownFileType = sourcecode.swift; path = NavigationController.swift; sourceTree = "<group>"; };
		599A2B141BA3C054006E128F /* FacultyViewController.swift */ = {isa = PBXFileReference; fileEncoding = 4; lastKnownFileType = sourcecode.swift; path = FacultyViewController.swift; sourceTree = "<group>"; };
		59A2EDBB1B33E13D00B22558 /* slider-blue-track@2x.png */ = {isa = PBXFileReference; lastKnownFileType = image.png; path = "slider-blue-track@2x.png"; sourceTree = "<group>"; };
		59A838A81B3775A6008B4551 /* Coursica-Bridging-Header.h */ = {isa = PBXFileReference; lastKnownFileType = sourcecode.c.h; path = "Coursica-Bridging-Header.h"; sourceTree = "<group>"; };
		59ABFA3A1B4727F1006349A6 /* CommentTableViewCell.h */ = {isa = PBXFileReference; fileEncoding = 4; lastKnownFileType = sourcecode.c.h; path = CommentTableViewCell.h; sourceTree = "<group>"; };
		59ABFA3B1B4727F1006349A6 /* CommentTableViewCell.m */ = {isa = PBXFileReference; fileEncoding = 4; lastKnownFileType = sourcecode.c.objc; path = CommentTableViewCell.m; sourceTree = "<group>"; };
		59B0AEC11B43AEE40018AA85 /* TempCourse.swift */ = {isa = PBXFileReference; fileEncoding = 4; lastKnownFileType = sourcecode.swift; path = TempCourse.swift; sourceTree = "<group>"; };
		59B9D57F1AF6CA3F0006A57B /* DNA.png */ = {isa = PBXFileReference; lastKnownFileType = image.png; path = DNA.png; sourceTree = "<group>"; };
		59B9D5801AF6CA3F0006A57B /* judge1.png */ = {isa = PBXFileReference; lastKnownFileType = image.png; path = judge1.png; sourceTree = "<group>"; };
		59B9D5811AF6CA3F0006A57B /* telescope7.png */ = {isa = PBXFileReference; lastKnownFileType = image.png; path = telescope7.png; sourceTree = "<group>"; };
		59B9D5821AF6CA3F0006A57B /* USA.png */ = {isa = PBXFileReference; lastKnownFileType = image.png; path = USA.png; sourceTree = "<group>"; };
		59B9D5831AF6CA3F0006A57B /* function.png */ = {isa = PBXFileReference; lastKnownFileType = image.png; path = function.png; sourceTree = "<group>"; };
		59B9D5841AF6CA3F0006A57B /* Globe.png */ = {isa = PBXFileReference; lastKnownFileType = image.png; path = Globe.png; sourceTree = "<group>"; };
		59B9D5851AF6CA3F0006A57B /* hinduism.png */ = {isa = PBXFileReference; lastKnownFileType = image.png; path = hinduism.png; sourceTree = "<group>"; };
		59B9D5861AF6CA3F0006A57B /* Easel.png */ = {isa = PBXFileReference; lastKnownFileType = image.png; path = Easel.png; sourceTree = "<group>"; };
		59BA6ECE1B3B130300B62FCC /* ListIcon.png */ = {isa = PBXFileReference; lastKnownFileType = image.png; path = ListIcon.png; sourceTree = "<group>"; };
		59BC6E4A1B5361450027AA95 /* Course.swift */ = {isa = PBXFileReference; fileEncoding = 4; lastKnownFileType = sourcecode.swift; path = Course.swift; sourceTree = "<group>"; };
		59BE600E1B8B80C600881171 /* KILabel.h */ = {isa = PBXFileReference; fileEncoding = 4; lastKnownFileType = sourcecode.c.h; path = KILabel.h; sourceTree = "<group>"; };
		59BE600F1B8B80C600881171 /* KILabel.m */ = {isa = PBXFileReference; fileEncoding = 4; lastKnownFileType = sourcecode.c.objc; path = KILabel.m; sourceTree = "<group>"; };
		59CF581F1B3BA82500FB21FC /* ListsViewController.swift */ = {isa = PBXFileReference; fileEncoding = 4; lastKnownFileType = sourcecode.swift; path = ListsViewController.swift; sourceTree = "<group>"; };
		59D4A04C1A349291003FD743 /* UILabel+HeightCalculation.h */ = {isa = PBXFileReference; fileEncoding = 4; lastKnownFileType = sourcecode.c.h; path = "UILabel+HeightCalculation.h"; sourceTree = "<group>"; };
		59D4A04D1A349291003FD743 /* UILabel+HeightCalculation.m */ = {isa = PBXFileReference; fileEncoding = 4; lastKnownFileType = sourcecode.c.objc; path = "UILabel+HeightCalculation.m"; sourceTree = "<group>"; };
		59DB9F3C1B705BBB0027A16A /* ListsImporter.swift */ = {isa = PBXFileReference; fileEncoding = 4; lastKnownFileType = sourcecode.swift; path = ListsImporter.swift; sourceTree = "<group>"; };
		59E661D31B01769300200FAE /* DoubleSliderView.h */ = {isa = PBXFileReference; fileEncoding = 4; lastKnownFileType = sourcecode.c.h; path = DoubleSliderView.h; sourceTree = "<group>"; };
		59E661D41B01769300200FAE /* DoubleSliderView.m */ = {isa = PBXFileReference; fileEncoding = 4; lastKnownFileType = sourcecode.c.objc; path = DoubleSliderView.m; sourceTree = "<group>"; };
		59E661D81B01A72A00200FAE /* FadeOut.png */ = {isa = PBXFileReference; lastKnownFileType = image.png; path = FadeOut.png; sourceTree = "<group>"; };
		59EBD0041B5CC84A0055C42C /* InfoCell.swift */ = {isa = PBXFileReference; fileEncoding = 4; lastKnownFileType = sourcecode.swift; path = InfoCell.swift; sourceTree = "<group>"; };
		59EF28271B9E16CA006029D9 /* Label.swift */ = {isa = PBXFileReference; fileEncoding = 4; lastKnownFileType = sourcecode.swift; path = Label.swift; sourceTree = "<group>"; };
		59EF28291B9E1BCC006029D9 /* InstructorCell.swift */ = {isa = PBXFileReference; fileEncoding = 4; lastKnownFileType = sourcecode.swift; path = InstructorCell.swift; sourceTree = "<group>"; };
		59F51C681A2545DF0025E021 /* FiltersViewController.h */ = {isa = PBXFileReference; fileEncoding = 4; lastKnownFileType = sourcecode.c.h; path = FiltersViewController.h; sourceTree = "<group>"; };
		59F51C691A2545DF0025E021 /* FiltersViewController.m */ = {isa = PBXFileReference; fileEncoding = 4; lastKnownFileType = sourcecode.c.objc; path = FiltersViewController.m; sourceTree = "<group>"; };
		59FCC2C81B3BD5C7001A2337 /* TempCourseList.swift */ = {isa = PBXFileReference; fileEncoding = 4; lastKnownFileType = sourcecode.swift; path = TempCourseList.swift; sourceTree = "<group>"; };
		59FEEFE21B53953A009BA078 /* CS50Downloader.swift */ = {isa = PBXFileReference; fileEncoding = 4; lastKnownFileType = sourcecode.swift; path = CS50Downloader.swift; sourceTree = "<group>"; };
		59FEEFE81B541726009BA078 /* CS50Parser.swift */ = {isa = PBXFileReference; fileEncoding = 4; lastKnownFileType = sourcecode.swift; path = CS50Parser.swift; sourceTree = "<group>"; };
		59FF55CB1B4F6D5600915BF4 /* BreakdownCell.swift */ = {isa = PBXFileReference; fileEncoding = 4; lastKnownFileType = sourcecode.swift; path = BreakdownCell.swift; sourceTree = "<group>"; };
		EAB48EF430C4FA26F5F553D2 /* Pods.framework */ = {isa = PBXFileReference; explicitFileType = wrapper.framework; includeInIndex = 0; path = Pods.framework; sourceTree = BUILT_PRODUCTS_DIR; };
		F9609010D3C8F30A1BB61B4B /* Pods.debug.xcconfig */ = {isa = PBXFileReference; includeInIndex = 1; lastKnownFileType = text.xcconfig; name = Pods.debug.xcconfig; path = "Pods/Target Support Files/Pods/Pods.debug.xcconfig"; sourceTree = "<group>"; };
/* End PBXFileReference section */

/* Begin PBXFrameworksBuildPhase section */
		596076A91A1000700038D4F4 /* Frameworks */ = {
			isa = PBXFrameworksBuildPhase;
			buildActionMask = 2147483647;
			files = (
				59002FC21B1AB0440096A92E /* Social.framework in Frameworks */,
				59002FC01B1AB0400096A92E /* Accounts.framework in Frameworks */,
				59002FBE1B1AB0120096A92E /* libsqlite3.dylib in Frameworks */,
				59002FBC1B1AB0080096A92E /* libz.dylib in Frameworks */,
				59002FBA1B1AB0010096A92E /* SystemConfiguration.framework in Frameworks */,
				59002FB61B1AAFF30096A92E /* Security.framework in Frameworks */,
				59002FB41B1AAFED0096A92E /* QuartzCore.framework in Frameworks */,
				59002FB21B1AAFE70096A92E /* MobileCoreServices.framework in Frameworks */,
				59002FB01B1AAFDF0096A92E /* CoreLocation.framework in Frameworks */,
				59002FAE1B1AAFD90096A92E /* CoreGraphics.framework in Frameworks */,
				59002FAC1B1AAFD20096A92E /* CFNetwork.framework in Frameworks */,
				59002FAA1B1AAF6D0096A92E /* AudioToolbox.framework in Frameworks */,
				598CAB8B1A23CB57008D0142 /* libxml2.dylib in Frameworks */,
				AE24189F87CF4909318EB936 /* Pods.framework in Frameworks */,
			);
			runOnlyForDeploymentPostprocessing = 0;
		};
		596076C51A1000710038D4F4 /* Frameworks */ = {
			isa = PBXFrameworksBuildPhase;
			buildActionMask = 2147483647;
			files = (
			);
			runOnlyForDeploymentPostprocessing = 0;
		};
/* End PBXFrameworksBuildPhase section */

/* Begin PBXGroup section */
		2DB2525E1B4EFA0300FA26E7 /* Breakdown */ = {
			isa = PBXGroup;
			children = (
				59213E941B9C9DB5001D3750 /* LegendBarView.swift */,
				59959DAA1B6AFC17004DE777 /* BreakdownViewController.swift */,
				59959DAC1B6AFD5D004DE777 /* CourseCell.swift */,
				59EF28291B9E1BCC006029D9 /* InstructorCell.swift */,
				59959DAE1B6AFD6C004DE777 /* ReportCell.swift */,
				59EF28271B9E16CA006029D9 /* Label.swift */,
				59213E961B9CA1A8001D3750 /* LegendView.swift */,
				2DE7AB9A1B572B5A007401C6 /* AnimationBarView.swift */,
				59959DB01B6B007D004DE777 /* ResponseBarView.swift */,
			);
			name = Breakdown;
			sourceTree = "<group>";
		};
		5905EE631B72A47000A4E29A /* Parsers */ = {
			isa = PBXGroup;
			children = (
				59178CE31B6308EA003843FC /* ReportParser.swift */,
				5937474C1B6EAE9D002C1BEC /* FacultyReportParser.swift */,
				59178CE51B63098A003843FC /* ResponseParser.swift */,
				59178CE71B630A33003843FC /* BaselineParser.swift */,
				59178CE91B630A54003843FC /* BreakdownParser.swift */,
			);
			name = Parsers;
			sourceTree = "<group>";
		};
		5905EE641B72A48400A4E29A /* CS50 API */ = {
			isa = PBXGroup;
			children = (
				59FEEFE21B53953A009BA078 /* CS50Downloader.swift */,
				59FEEFE81B541726009BA078 /* CS50Parser.swift */,
			);
			name = "CS50 API";
			sourceTree = "<group>";
		};
		590B6C4D1B69B3B400B23C31 /* Hpple */ = {
			isa = PBXGroup;
			children = (
				590B6C441B69B3AF00B23C31 /* TFHpple.h */,
				590B6C451B69B3AF00B23C31 /* TFHpple.m */,
				590B6C461B69B3AF00B23C31 /* TFHppleElement.h */,
				590B6C471B69B3AF00B23C31 /* TFHppleElement.m */,
				590B6C481B69B3AF00B23C31 /* XPathQuery.h */,
				590B6C491B69B3AF00B23C31 /* XPathQuery.m */,
			);
			name = Hpple;
			sourceTree = "<group>";
		};
		596076A31A1000700038D4F4 = {
			isa = PBXGroup;
			children = (
				5933DDED1B2E187700F95394 /* Podfile */,
				596076AE1A1000700038D4F4 /* Coursica */,
				596076CB1A1000710038D4F4 /* CoursicaTests */,
				596076AD1A1000700038D4F4 /* Products */,
				86036A9F276FF8D80D013832 /* Pods */,
				8A6560E31125F0C1D79FF9F4 /* Frameworks */,
			);
			sourceTree = "<group>";
		};
		596076AD1A1000700038D4F4 /* Products */ = {
			isa = PBXGroup;
			children = (
				596076AC1A1000700038D4F4 /* Coursica.app */,
				596076C81A1000710038D4F4 /* CoursicaTests.xctest */,
			);
			name = Products;
			sourceTree = "<group>";
		};
		596076AE1A1000700038D4F4 /* Coursica */ = {
			isa = PBXGroup;
			children = (
				5905EE6D1B72EB7900A4E29A /* Colors.swift */,
				5905EE6B1B72D02A00A4E29A /* seed.realm */,
				599648AB1B5B43CA00015D02 /* NavigationController.swift */,
				599648A91B5B426000015D02 /* AppDelegate.swift */,
				5934DFF31B9B90C800F56989 /* PrerequisitesParser.swift */,
				595745811B54DF33006D3FF1 /* CoursicaViewController.swift */,
				5988650C1B239C840078B06F /* Login */,
				59BC6E4C1B5361550027AA95 /* Model */,
				59CF581F1B3BA82500FB21FC /* ListsViewController.swift */,
				59FCC2C81B3BD5C7001A2337 /* TempCourseList.swift */,
				5919BB951B474F1800C81B2F /* LoginWebView.swift */,
				59B0AEC11B43AEE40018AA85 /* TempCourse.swift */,
				598865141B23A3C50078B06F /* NSString+FirebaseEncode.h */,
				598865151B23A3C50078B06F /* NSString+FirebaseEncode.m */,
				59D4A04C1A349291003FD743 /* UILabel+HeightCalculation.h */,
				59D4A04D1A349291003FD743 /* UILabel+HeightCalculation.m */,
				59A838A81B3775A6008B4551 /* Coursica-Bridging-Header.h */,
				5988650F1B239CAD0078B06F /* Search */,
				594E93DF1A68D197003DB4E7 /* ShortFields */,
				594E93E11A68D1B7003DB4E7 /* LongFields */,
				5988650E1B239C970078B06F /* Courses */,
				5988650D1B239C900078B06F /* Detail */,
				5988650B1B239C5C0078B06F /* Filters */,
				596076BC1A1000710038D4F4 /* Main.storyboard */,
				596076BF1A1000710038D4F4 /* Images.xcassets */,
				596076C11A1000710038D4F4 /* LaunchScreen.xib */,
				596076AF1A1000700038D4F4 /* Supporting Files */,
			);
			path = Coursica;
			sourceTree = "<group>";
		};
		596076AF1A1000700038D4F4 /* Supporting Files */ = {
			isa = PBXGroup;
			children = (
				595D02EB1B38F5CF00E9B564 /* ListsIcon.png */,
				59BA6ECE1B3B130300B62FCC /* ListIcon.png */,
				5975FD361AE0C9F200180AEC /* jharvard_dark.png */,
				5902E61D1A3475DE00A38C11 /* NavBarBg.png */,
				59B9D57E1AF6CA260006A57B /* Gen Ed Icons */,
				596076B01A1000700038D4F4 /* Info.plist */,
			);
			name = "Supporting Files";
			sourceTree = "<group>";
		};
		596076CB1A1000710038D4F4 /* CoursicaTests */ = {
			isa = PBXGroup;
			children = (
				596076CE1A1000710038D4F4 /* CoursicaTests.m */,
				596076CC1A1000710038D4F4 /* Supporting Files */,
			);
			path = CoursicaTests;
			sourceTree = "<group>";
		};
		596076CC1A1000710038D4F4 /* Supporting Files */ = {
			isa = PBXGroup;
			children = (
				596076CD1A1000710038D4F4 /* Info.plist */,
			);
			name = "Supporting Files";
			sourceTree = "<group>";
		};
		5988650B1B239C5C0078B06F /* Filters */ = {
			isa = PBXGroup;
			children = (
				595CB1A11B2FFFA400E571C4 /* NMRangeSlider.h */,
				595CB1A21B2FFFA400E571C4 /* NMRangeSlider.m */,
				594C88951B3004E4007F4DFD /* slider-default7-trackBackground.png */,
				594C88961B3004E4007F4DFD /* slider-default7-trackBackground@2x.png */,
				59A2EDBB1B33E13D00B22558 /* slider-blue-track@2x.png */,
				59E661D31B01769300200FAE /* DoubleSliderView.h */,
				59E661D41B01769300200FAE /* DoubleSliderView.m */,
				593747521B6EDA8A002C1BEC /* DoubleSliderView.swift */,
				59F51C681A2545DF0025E021 /* FiltersViewController.h */,
				59F51C691A2545DF0025E021 /* FiltersViewController.m */,
				5905EE6F1B72FEC600A4E29A /* FiltersViewController.swift */,
				5942844A1B5E1915004EABC6 /* FiltersViewController-noStoryboard.swift */,
				59E661D81B01A72A00200FAE /* FadeOut.png */,
			);
			name = Filters;
			sourceTree = "<group>";
		};
		5988650C1B239C840078B06F /* Login */ = {
			isa = PBXGroup;
			children = (
				590B6C4D1B69B3B400B23C31 /* Hpple */,
				593747481B6E9551002C1BEC /* Login.swift */,
				5937474A1B6E9AD8002C1BEC /* LoginViewController.swift */,
			);
			name = Login;
			sourceTree = "<group>";
		};
		5988650D1B239C900078B06F /* Detail */ = {
			isa = PBXGroup;
			children = (
				59BE600E1B8B80C600881171 /* KILabel.h */,
				59BE600F1B8B80C600881171 /* KILabel.m */,
				595745831B54E78F006D3FF1 /* DetailViewController.swift */,
				5937474E1B6ECDF5002C1BEC /* CommentsCell.swift */,
				59FF55CB1B4F6D5600915BF4 /* BreakdownCell.swift */,
				59EBD0041B5CC84A0055C42C /* InfoCell.swift */,
				599A2B141BA3C054006E128F /* FacultyViewController.swift */,
				2DB2525E1B4EFA0300FA26E7 /* Breakdown */,
				598865101B239CC10078B06F /* Comments */,
				5933DDEF1B2E1BF500F95394 /* MapViewController.h */,
				5941AA731B8431CE00CFB986 /* MapViewController.swift */,
				5933DDF01B2E1BF500F95394 /* MapViewController.m */,
			);
			name = Detail;
			sourceTree = "<group>";
		};
		5988650E1B239C970078B06F /* Courses */ = {
			isa = PBXGroup;
			children = (
				592F670C1B56310600F1B5F7 /* CoursesViewController.swift */,
				5905EE691B72BA6E00A4E29A /* CourseTableViewCell.swift */,
				596CD7651B5C4BF000FF5B21 /* CoursesNavigationBar.swift */,
			);
			name = Courses;
			sourceTree = "<group>";
		};
		5988650F1B239CAD0078B06F /* Search */ = {
			isa = PBXGroup;
			children = (
				595745871B54F9DD006D3FF1 /* Search.swift */,
				59774B301B55E1B8005E52A2 /* Index.swift */,
				59774B2D1B55E0CC005E52A2 /* FastTokenizer.h */,
				59774B2E1B55E0CC005E52A2 /* FastTokenizer.m */,
			);
			name = Search;
			sourceTree = "<group>";
		};
		598865101B239CC10078B06F /* Comments */ = {
			isa = PBXGroup;
			children = (
				59ABFA3A1B4727F1006349A6 /* CommentTableViewCell.h */,
				59ABFA3B1B4727F1006349A6 /* CommentTableViewCell.m */,
				593747501B6ED2A5002C1BEC /* CommentsViewController.swift */,
			);
			name = Comments;
			sourceTree = "<group>";
		};
		59B9D57E1AF6CA260006A57B /* Gen Ed Icons */ = {
			isa = PBXGroup;
			children = (
				59B9D57F1AF6CA3F0006A57B /* DNA.png */,
				59B9D5801AF6CA3F0006A57B /* judge1.png */,
				59B9D5811AF6CA3F0006A57B /* telescope7.png */,
				59B9D5821AF6CA3F0006A57B /* USA.png */,
				59B9D5831AF6CA3F0006A57B /* function.png */,
				59B9D5841AF6CA3F0006A57B /* Globe.png */,
				59B9D5851AF6CA3F0006A57B /* hinduism.png */,
				59B9D5861AF6CA3F0006A57B /* Easel.png */,
			);
			name = "Gen Ed Icons";
			sourceTree = "<group>";
		};
		59BC6E4C1B5361550027AA95 /* Model */ = {
			isa = PBXGroup;
			children = (
				59DB9F3C1B705BBB0027A16A /* ListsImporter.swift */,
				59BC6E4A1B5361450027AA95 /* Course.swift */,
				5905EE631B72A47000A4E29A /* Parsers */,
				595745851B54F2DB006D3FF1 /* Object.swift */,
				59700C8B1B54977F00BE07D5 /* Display.swift */,
				5905EE641B72A48400A4E29A /* CS50 API */,
			);
			name = Model;
			sourceTree = "<group>";
		};
		86036A9F276FF8D80D013832 /* Pods */ = {
			isa = PBXGroup;
			children = (
				F9609010D3C8F30A1BB61B4B /* Pods.debug.xcconfig */,
				042A5F06587ECF071CB434D7 /* Pods.release.xcconfig */,
			);
			name = Pods;
			sourceTree = "<group>";
		};
		8A6560E31125F0C1D79FF9F4 /* Frameworks */ = {
			isa = PBXGroup;
			children = (
				59002FC11B1AB0440096A92E /* Social.framework */,
				59002FBF1B1AB0400096A92E /* Accounts.framework */,
				59002FBD1B1AB0120096A92E /* libsqlite3.dylib */,
				59002FBB1B1AB0080096A92E /* libz.dylib */,
				59002FB91B1AB0010096A92E /* SystemConfiguration.framework */,
				59002FB51B1AAFF30096A92E /* Security.framework */,
				59002FB31B1AAFED0096A92E /* QuartzCore.framework */,
				59002FB11B1AAFE70096A92E /* MobileCoreServices.framework */,
				59002FAF1B1AAFDF0096A92E /* CoreLocation.framework */,
				59002FAD1B1AAFD90096A92E /* CoreGraphics.framework */,
				59002FAB1B1AAFD20096A92E /* CFNetwork.framework */,
				59002FA91B1AAF6D0096A92E /* AudioToolbox.framework */,
				598CAB8A1A23CB57008D0142 /* libxml2.dylib */,
				598CAB7E1A23CA05008D0142 /* libxml2.2.dylib */,
				EAB48EF430C4FA26F5F553D2 /* Pods.framework */,
			);
			name = Frameworks;
			sourceTree = "<group>";
		};
/* End PBXGroup section */

/* Begin PBXNativeTarget section */
		596076AB1A1000700038D4F4 /* Coursica */ = {
			isa = PBXNativeTarget;
			buildConfigurationList = 596076D21A1000710038D4F4 /* Build configuration list for PBXNativeTarget "Coursica" */;
			buildPhases = (
				E36478F10EF2288F31AD920A /* Check Pods Manifest.lock */,
				596076A81A1000700038D4F4 /* Sources */,
				596076A91A1000700038D4F4 /* Frameworks */,
				596076AA1A1000700038D4F4 /* Resources */,
				F9D736DA3BB554BB680EB587 /* Copy Pods Resources */,
				E99EDE08D670A9076F2735CA /* Embed Pods Frameworks */,
			);
			buildRules = (
			);
			dependencies = (
			);
			name = Coursica;
			productName = Coursica;
			productReference = 596076AC1A1000700038D4F4 /* Coursica.app */;
			productType = "com.apple.product-type.application";
		};
		596076C71A1000710038D4F4 /* CoursicaTests */ = {
			isa = PBXNativeTarget;
			buildConfigurationList = 596076D51A1000710038D4F4 /* Build configuration list for PBXNativeTarget "CoursicaTests" */;
			buildPhases = (
				596076C41A1000710038D4F4 /* Sources */,
				596076C51A1000710038D4F4 /* Frameworks */,
				596076C61A1000710038D4F4 /* Resources */,
			);
			buildRules = (
			);
			dependencies = (
				596076CA1A1000710038D4F4 /* PBXTargetDependency */,
			);
			name = CoursicaTests;
			productName = CoursicaTests;
			productReference = 596076C81A1000710038D4F4 /* CoursicaTests.xctest */;
			productType = "com.apple.product-type.bundle.unit-test";
		};
/* End PBXNativeTarget section */

/* Begin PBXProject section */
		596076A41A1000700038D4F4 /* Project object */ = {
			isa = PBXProject;
			attributes = {
				LastSwiftMigration = 0700;
				LastSwiftUpdateCheck = 0700;
				LastUpgradeCheck = 0700;
				ORGANIZATIONNAME = "Prestige Worldwide";
				TargetAttributes = {
					596076AB1A1000700038D4F4 = {
						CreatedOnToolsVersion = 6.1;
						DevelopmentTeam = 3G3N926KUW;
						SystemCapabilities = {
							com.apple.InAppPurchase = {
								enabled = 0;
							};
						};
					};
					596076C71A1000710038D4F4 = {
						CreatedOnToolsVersion = 6.1;
						TestTargetID = 596076AB1A1000700038D4F4;
					};
				};
			};
			buildConfigurationList = 596076A71A1000700038D4F4 /* Build configuration list for PBXProject "Coursica" */;
			compatibilityVersion = "Xcode 3.2";
			developmentRegion = English;
			hasScannedForEncodings = 0;
			knownRegions = (
				en,
				Base,
			);
			mainGroup = 596076A31A1000700038D4F4;
			productRefGroup = 596076AD1A1000700038D4F4 /* Products */;
			projectDirPath = "";
			projectRoot = "";
			targets = (
				596076AB1A1000700038D4F4 /* Coursica */,
				596076C71A1000710038D4F4 /* CoursicaTests */,
			);
		};
/* End PBXProject section */

/* Begin PBXResourcesBuildPhase section */
		596076AA1A1000700038D4F4 /* Resources */ = {
			isa = PBXResourcesBuildPhase;
			buildActionMask = 2147483647;
			files = (
				59B9D58E1AF6CA3F0006A57B /* Easel.png in Resources */,
				594C88981B3004E4007F4DFD /* slider-default7-trackBackground@2x.png in Resources */,
				5905EE6C1B72D03700A4E29A /* seed.realm in Resources */,
				59B9D5891AF6CA3F0006A57B /* telescope7.png in Resources */,
				59B9D58B1AF6CA3F0006A57B /* function.png in Resources */,
				59B9D58C1AF6CA3F0006A57B /* Globe.png in Resources */,
				596076BE1A1000710038D4F4 /* Main.storyboard in Resources */,
				59B9D58D1AF6CA3F0006A57B /* hinduism.png in Resources */,
				596076C31A1000710038D4F4 /* LaunchScreen.xib in Resources */,
				59E661D91B01A72A00200FAE /* FadeOut.png in Resources */,
				594C88971B3004E4007F4DFD /* slider-default7-trackBackground.png in Resources */,
				59B9D58A1AF6CA3F0006A57B /* USA.png in Resources */,
				5933DDEE1B2E187700F95394 /* Podfile in Resources */,
				594E93E21A68D1B7003DB4E7 /* LongFields in Resources */,
				5975FD371AE0C9F200180AEC /* jharvard_dark.png in Resources */,
				5902E61E1A3475DE00A38C11 /* NavBarBg.png in Resources */,
				59B9D5881AF6CA3F0006A57B /* judge1.png in Resources */,
				595D02EC1B38F5CF00E9B564 /* ListsIcon.png in Resources */,
				59A2EDBC1B33E13D00B22558 /* slider-blue-track@2x.png in Resources */,
				59B9D5871AF6CA3F0006A57B /* DNA.png in Resources */,
				59BA6ECF1B3B130300B62FCC /* ListIcon.png in Resources */,
				596076C01A1000710038D4F4 /* Images.xcassets in Resources */,
				594E93E01A68D197003DB4E7 /* ShortFields in Resources */,
			);
			runOnlyForDeploymentPostprocessing = 0;
		};
		596076C61A1000710038D4F4 /* Resources */ = {
			isa = PBXResourcesBuildPhase;
			buildActionMask = 2147483647;
			files = (
			);
			runOnlyForDeploymentPostprocessing = 0;
		};
/* End PBXResourcesBuildPhase section */

/* Begin PBXShellScriptBuildPhase section */
		E36478F10EF2288F31AD920A /* Check Pods Manifest.lock */ = {
			isa = PBXShellScriptBuildPhase;
			buildActionMask = 2147483647;
			files = (
			);
			inputPaths = (
			);
			name = "Check Pods Manifest.lock";
			outputPaths = (
			);
			runOnlyForDeploymentPostprocessing = 0;
			shellPath = /bin/sh;
			shellScript = "diff \"${PODS_ROOT}/../Podfile.lock\" \"${PODS_ROOT}/Manifest.lock\" > /dev/null\nif [[ $? != 0 ]] ; then\n    cat << EOM\nerror: The sandbox is not in sync with the Podfile.lock. Run 'pod install' or update your CocoaPods installation.\nEOM\n    exit 1\nfi\n";
			showEnvVarsInLog = 0;
		};
		E99EDE08D670A9076F2735CA /* Embed Pods Frameworks */ = {
			isa = PBXShellScriptBuildPhase;
			buildActionMask = 2147483647;
			files = (
			);
			inputPaths = (
			);
			name = "Embed Pods Frameworks";
			outputPaths = (
			);
			runOnlyForDeploymentPostprocessing = 0;
			shellPath = /bin/sh;
			shellScript = "\"${SRCROOT}/Pods/Target Support Files/Pods/Pods-frameworks.sh\"\n";
			showEnvVarsInLog = 0;
		};
		F9D736DA3BB554BB680EB587 /* Copy Pods Resources */ = {
			isa = PBXShellScriptBuildPhase;
			buildActionMask = 2147483647;
			files = (
			);
			inputPaths = (
			);
			name = "Copy Pods Resources";
			outputPaths = (
			);
			runOnlyForDeploymentPostprocessing = 0;
			shellPath = /bin/sh;
			shellScript = "\"${SRCROOT}/Pods/Target Support Files/Pods/Pods-resources.sh\"\n";
			showEnvVarsInLog = 0;
		};
/* End PBXShellScriptBuildPhase section */

/* Begin PBXSourcesBuildPhase section */
		596076A81A1000700038D4F4 /* Sources */ = {
			isa = PBXSourcesBuildPhase;
			buildActionMask = 2147483647;
			files = (
				5937474B1B6E9AD8002C1BEC /* LoginViewController.swift in Sources */,
				59213E951B9C9DB5001D3750 /* LegendBarView.swift in Sources */,
				59178CE61B63098A003843FC /* ResponseParser.swift in Sources */,
				59F51C6A1A2545DF0025E021 /* FiltersViewController.m in Sources */,
				595745841B54E78F006D3FF1 /* DetailViewController.swift in Sources */,
				59959DAD1B6AFD5D004DE777 /* CourseCell.swift in Sources */,
				599648AA1B5B426000015D02 /* AppDelegate.swift in Sources */,
				593747531B6EDA8A002C1BEC /* DoubleSliderView.swift in Sources */,
				5905EE701B72FEC600A4E29A /* FiltersViewController.swift in Sources */,
				59959DAB1B6AFC17004DE777 /* BreakdownViewController.swift in Sources */,
				59959DB11B6B007D004DE777 /* ResponseBarView.swift in Sources */,
				5919BB961B474F1800C81B2F /* LoginWebView.swift in Sources */,
				59FEEFE91B541726009BA078 /* CS50Parser.swift in Sources */,
				590B6C4B1B69B3AF00B23C31 /* TFHppleElement.m in Sources */,
				59DB9F3D1B705BBB0027A16A /* ListsImporter.swift in Sources */,
				5933DDF11B2E1BF500F95394 /* MapViewController.m in Sources */,
				59ABFA3C1B4727F1006349A6 /* CommentTableViewCell.m in Sources */,
				5905EE6E1B72EB7900A4E29A /* Colors.swift in Sources */,
				595745861B54F2DB006D3FF1 /* Object.swift in Sources */,
				592F670D1B56310600F1B5F7 /* CoursesViewController.swift in Sources */,
				59EF282A1B9E1BCC006029D9 /* InstructorCell.swift in Sources */,
				59178CE81B630A33003843FC /* BaselineParser.swift in Sources */,
				59178CE41B6308EA003843FC /* ReportParser.swift in Sources */,
				596CD7661B5C4BF000FF5B21 /* CoursesNavigationBar.swift in Sources */,
				59BC6E4B1B5361450027AA95 /* Course.swift in Sources */,
				5941AA741B8431CE00CFB986 /* MapViewController.swift in Sources */,
				5937474F1B6ECDF5002C1BEC /* CommentsCell.swift in Sources */,
				59774B311B55E1B8005E52A2 /* Index.swift in Sources */,
				59178CEA1B630A54003843FC /* BreakdownParser.swift in Sources */,
				593747491B6E9551002C1BEC /* Login.swift in Sources */,
				59D4A04E1A349291003FD743 /* UILabel+HeightCalculation.m in Sources */,
				5934DFF41B9B90C800F56989 /* PrerequisitesParser.swift in Sources */,
				59FEEFE31B53953A009BA078 /* CS50Downloader.swift in Sources */,
				59CF58201B3BA82500FB21FC /* ListsViewController.swift in Sources */,
				595745821B54DF33006D3FF1 /* CoursicaViewController.swift in Sources */,
				59774B2F1B55E0CC005E52A2 /* FastTokenizer.m in Sources */,
				59B0AEC21B43AEE40018AA85 /* TempCourse.swift in Sources */,
				59BE60101B8B80C600881171 /* KILabel.m in Sources */,
				595745881B54F9DD006D3FF1 /* Search.swift in Sources */,
				59213E971B9CA1A8001D3750 /* LegendView.swift in Sources */,
				59FF55CC1B4F6D5600915BF4 /* BreakdownCell.swift in Sources */,
				595CB1A31B2FFFA400E571C4 /* NMRangeSlider.m in Sources */,
				5942844B1B5E1915004EABC6 /* FiltersViewController-noStoryboard.swift in Sources */,
				599648AC1B5B43CA00015D02 /* NavigationController.swift in Sources */,
				59FCC2C91B3BD5C7001A2337 /* TempCourseList.swift in Sources */,
				593747511B6ED2A5002C1BEC /* CommentsViewController.swift in Sources */,
				59EBD0051B5CC84A0055C42C /* InfoCell.swift in Sources */,
				590B6C4C1B69B3AF00B23C31 /* XPathQuery.m in Sources */,
				5937474D1B6EAE9D002C1BEC /* FacultyReportParser.swift in Sources */,
				590B6C4A1B69B3AF00B23C31 /* TFHpple.m in Sources */,
				598865161B23A3C50078B06F /* NSString+FirebaseEncode.m in Sources */,
				59959DAF1B6AFD6C004DE777 /* ReportCell.swift in Sources */,
				2DE7AB9B1B572B5A007401C6 /* AnimationBarView.swift in Sources */,
				59E661D51B01769300200FAE /* DoubleSliderView.m in Sources */,
				59700C8C1B54977F00BE07D5 /* Display.swift in Sources */,
				59EF28281B9E16CA006029D9 /* Label.swift in Sources */,
				5905EE6A1B72BA6E00A4E29A /* CourseTableViewCell.swift in Sources */,
				599A2B151BA3C054006E128F /* FacultyViewController.swift in Sources */,
			);
			runOnlyForDeploymentPostprocessing = 0;
		};
		596076C41A1000710038D4F4 /* Sources */ = {
			isa = PBXSourcesBuildPhase;
			buildActionMask = 2147483647;
			files = (
				596076CF1A1000710038D4F4 /* CoursicaTests.m in Sources */,
			);
			runOnlyForDeploymentPostprocessing = 0;
		};
/* End PBXSourcesBuildPhase section */

/* Begin PBXTargetDependency section */
		596076CA1A1000710038D4F4 /* PBXTargetDependency */ = {
			isa = PBXTargetDependency;
			target = 596076AB1A1000700038D4F4 /* Coursica */;
			targetProxy = 596076C91A1000710038D4F4 /* PBXContainerItemProxy */;
		};
/* End PBXTargetDependency section */

/* Begin PBXVariantGroup section */
		596076BC1A1000710038D4F4 /* Main.storyboard */ = {
			isa = PBXVariantGroup;
			children = (
				596076BD1A1000710038D4F4 /* Base */,
			);
			name = Main.storyboard;
			sourceTree = "<group>";
		};
		596076C11A1000710038D4F4 /* LaunchScreen.xib */ = {
			isa = PBXVariantGroup;
			children = (
				596076C21A1000710038D4F4 /* Base */,
			);
			name = LaunchScreen.xib;
			sourceTree = "<group>";
		};
/* End PBXVariantGroup section */

/* Begin XCBuildConfiguration section */
		596076D01A1000710038D4F4 /* Debug */ = {
			isa = XCBuildConfiguration;
			buildSettings = {
				ALWAYS_SEARCH_USER_PATHS = NO;
				CLANG_CXX_LANGUAGE_STANDARD = "gnu++0x";
				CLANG_CXX_LIBRARY = "libc++";
				CLANG_ENABLE_MODULES = YES;
				CLANG_ENABLE_OBJC_ARC = YES;
				CLANG_WARN_BOOL_CONVERSION = YES;
				CLANG_WARN_CONSTANT_CONVERSION = YES;
				CLANG_WARN_DIRECT_OBJC_ISA_USAGE = YES_ERROR;
				CLANG_WARN_EMPTY_BODY = YES;
				CLANG_WARN_ENUM_CONVERSION = YES;
				CLANG_WARN_INT_CONVERSION = YES;
				CLANG_WARN_OBJC_ROOT_CLASS = YES_ERROR;
				CLANG_WARN_UNREACHABLE_CODE = YES;
				CLANG_WARN__DUPLICATE_METHOD_MATCH = YES;
				"CODE_SIGN_IDENTITY[sdk=iphoneos*]" = "iPhone Developer";
				COPY_PHASE_STRIP = NO;
				ENABLE_STRICT_OBJC_MSGSEND = YES;
				ENABLE_TESTABILITY = YES;
				GCC_C_LANGUAGE_STANDARD = gnu99;
				GCC_DYNAMIC_NO_PIC = NO;
				GCC_OPTIMIZATION_LEVEL = 0;
				GCC_PREPROCESSOR_DEFINITIONS = (
					"DEBUG=1",
					"$(inherited)",
				);
				GCC_SYMBOLS_PRIVATE_EXTERN = NO;
				GCC_WARN_64_TO_32_BIT_CONVERSION = YES;
				GCC_WARN_ABOUT_RETURN_TYPE = YES_ERROR;
				GCC_WARN_UNDECLARED_SELECTOR = YES;
				GCC_WARN_UNINITIALIZED_AUTOS = YES_AGGRESSIVE;
				GCC_WARN_UNUSED_FUNCTION = YES;
				GCC_WARN_UNUSED_VARIABLE = YES;
				HEADER_SEARCH_PATHS = (
					"$(inherited)",
					/Applications/Xcode.app/Contents/Developer/Toolchains/XcodeDefault.xctoolchain/usr/include,
				);
				IPHONEOS_DEPLOYMENT_TARGET = 8.1;
				MTL_ENABLE_DEBUG_INFO = YES;
				ONLY_ACTIVE_ARCH = YES;
				SDKROOT = iphoneos;
				VALIDATE_PRODUCT = YES;
			};
			name = Debug;
		};
		596076D11A1000710038D4F4 /* Release */ = {
			isa = XCBuildConfiguration;
			buildSettings = {
				ALWAYS_SEARCH_USER_PATHS = NO;
				CLANG_CXX_LANGUAGE_STANDARD = "gnu++0x";
				CLANG_CXX_LIBRARY = "libc++";
				CLANG_ENABLE_MODULES = YES;
				CLANG_ENABLE_OBJC_ARC = YES;
				CLANG_WARN_BOOL_CONVERSION = YES;
				CLANG_WARN_CONSTANT_CONVERSION = YES;
				CLANG_WARN_DIRECT_OBJC_ISA_USAGE = YES_ERROR;
				CLANG_WARN_EMPTY_BODY = YES;
				CLANG_WARN_ENUM_CONVERSION = YES;
				CLANG_WARN_INT_CONVERSION = YES;
				CLANG_WARN_OBJC_ROOT_CLASS = YES_ERROR;
				CLANG_WARN_UNREACHABLE_CODE = YES;
				CLANG_WARN__DUPLICATE_METHOD_MATCH = YES;
				"CODE_SIGN_IDENTITY[sdk=iphoneos*]" = "iPhone Developer";
				COPY_PHASE_STRIP = YES;
				ENABLE_NS_ASSERTIONS = NO;
				ENABLE_STRICT_OBJC_MSGSEND = YES;
				GCC_C_LANGUAGE_STANDARD = gnu99;
				GCC_WARN_64_TO_32_BIT_CONVERSION = YES;
				GCC_WARN_ABOUT_RETURN_TYPE = YES_ERROR;
				GCC_WARN_UNDECLARED_SELECTOR = YES;
				GCC_WARN_UNINITIALIZED_AUTOS = YES_AGGRESSIVE;
				GCC_WARN_UNUSED_FUNCTION = YES;
				GCC_WARN_UNUSED_VARIABLE = YES;
				HEADER_SEARCH_PATHS = (
					"$(inherited)",
					/Applications/Xcode.app/Contents/Developer/Toolchains/XcodeDefault.xctoolchain/usr/include,
				);
				IPHONEOS_DEPLOYMENT_TARGET = 8.1;
				MTL_ENABLE_DEBUG_INFO = NO;
				SDKROOT = iphoneos;
				VALIDATE_PRODUCT = NO;
			};
			name = Release;
		};
		596076D31A1000710038D4F4 /* Debug */ = {
			isa = XCBuildConfiguration;
			baseConfigurationReference = F9609010D3C8F30A1BB61B4B /* Pods.debug.xcconfig */;
			buildSettings = {
				ASSETCATALOG_COMPILER_APPICON_NAME = AppIcon;
				CLANG_ENABLE_MODULES = YES;
				CODE_SIGN_IDENTITY = "iPhone Distribution: Regan Bell (3G3N926KUW)";
				"CODE_SIGN_IDENTITY[sdk=iphoneos*]" = "iPhone Distribution: Regan Bell (3G3N926KUW)";
				FRAMEWORK_SEARCH_PATHS = (
					"$(inherited)",
					"$(PROJECT_DIR)",
				);
				HEADER_SEARCH_PATHS = (
					"\"${PODS_ROOT}/Headers/Public\"",
					"\"${PODS_ROOT}/Headers/Public/AFNetworking\"",
					"\"${PODS_ROOT}/Headers/Public/MMDrawerController\"",
					"$(SDKROOT)/usr/include/libxml2",
				);
				INFOPLIST_FILE = Coursica/Info.plist;
				IPHONEOS_DEPLOYMENT_TARGET = 8.0;
				LD_RUNPATH_SEARCH_PATHS = "$(inherited) @executable_path/Frameworks";
				PRODUCT_BUNDLE_IDENTIFIER = "com.prestige.$(PRODUCT_NAME:rfc1034identifier)";
				PRODUCT_NAME = "$(TARGET_NAME)";
				PROVISIONING_PROFILE = "7834e237-c651-4f83-8770-70c74551c577";
				SWIFT_OBJC_BRIDGING_HEADER = "Coursica/Coursica-Bridging-Header.h";
				SWIFT_OPTIMIZATION_LEVEL = "-Onone";
			};
			name = Debug;
		};
		596076D41A1000710038D4F4 /* Release */ = {
			isa = XCBuildConfiguration;
			baseConfigurationReference = 042A5F06587ECF071CB434D7 /* Pods.release.xcconfig */;
			buildSettings = {
				ASSETCATALOG_COMPILER_APPICON_NAME = AppIcon;
				CLANG_ENABLE_MODULES = YES;
				CODE_SIGN_IDENTITY = "iPhone Distribution: Regan Bell (3G3N926KUW)";
				"CODE_SIGN_IDENTITY[sdk=iphoneos*]" = "iPhone Distribution: Regan Bell (3G3N926KUW)";
				FRAMEWORK_SEARCH_PATHS = (
					"$(inherited)",
					"$(PROJECT_DIR)",
				);
				HEADER_SEARCH_PATHS = (
					"\"${PODS_ROOT}/Headers/Public\"",
					"\"${PODS_ROOT}/Headers/Public/AFNetworking\"",
					"\"${PODS_ROOT}/Headers/Public/MMDrawerController\"",
					"$(SDKROOT)/usr/include/libxml2",
				);
				INFOPLIST_FILE = Coursica/Info.plist;
				IPHONEOS_DEPLOYMENT_TARGET = 8.0;
				LD_RUNPATH_SEARCH_PATHS = "$(inherited) @executable_path/Frameworks";
				PRODUCT_BUNDLE_IDENTIFIER = "com.prestige.$(PRODUCT_NAME:rfc1034identifier)";
				PRODUCT_NAME = "$(TARGET_NAME)";
				PROVISIONING_PROFILE = "7834e237-c651-4f83-8770-70c74551c577";
				SWIFT_OBJC_BRIDGING_HEADER = "Coursica/Coursica-Bridging-Header.h";
				SWIFT_OPTIMIZATION_LEVEL = "-Onone";
			};
			name = Release;
		};
		596076D61A1000710038D4F4 /* Debug */ = {
			isa = XCBuildConfiguration;
			buildSettings = {
				BUNDLE_LOADER = "$(TEST_HOST)";
				FRAMEWORK_SEARCH_PATHS = (
					"$(SDKROOT)/Developer/Library/Frameworks",
					"$(inherited)",
				);
				GCC_PREPROCESSOR_DEFINITIONS = (
					"DEBUG=1",
					"$(inherited)",
				);
				INFOPLIST_FILE = CoursicaTests/Info.plist;
				LD_RUNPATH_SEARCH_PATHS = "$(inherited) @executable_path/Frameworks @loader_path/Frameworks";
				PRODUCT_BUNDLE_IDENTIFIER = "com.prestige.$(PRODUCT_NAME:rfc1034identifier)";
				PRODUCT_NAME = "$(TARGET_NAME)";
				TEST_HOST = "$(BUILT_PRODUCTS_DIR)/Coursica.app/Coursica";
			};
			name = Debug;
		};
		596076D71A1000710038D4F4 /* Release */ = {
			isa = XCBuildConfiguration;
			buildSettings = {
				BUNDLE_LOADER = "$(TEST_HOST)";
				FRAMEWORK_SEARCH_PATHS = (
					"$(SDKROOT)/Developer/Library/Frameworks",
					"$(inherited)",
				);
				INFOPLIST_FILE = CoursicaTests/Info.plist;
				LD_RUNPATH_SEARCH_PATHS = "$(inherited) @executable_path/Frameworks @loader_path/Frameworks";
				PRODUCT_BUNDLE_IDENTIFIER = "com.prestige.$(PRODUCT_NAME:rfc1034identifier)";
				PRODUCT_NAME = "$(TARGET_NAME)";
				TEST_HOST = "$(BUILT_PRODUCTS_DIR)/Coursica.app/Coursica";
			};
			name = Release;
		};
/* End XCBuildConfiguration section */

/* Begin XCConfigurationList section */
		596076A71A1000700038D4F4 /* Build configuration list for PBXProject "Coursica" */ = {
			isa = XCConfigurationList;
			buildConfigurations = (
				596076D01A1000710038D4F4 /* Debug */,
				596076D11A1000710038D4F4 /* Release */,
			);
			defaultConfigurationIsVisible = 0;
			defaultConfigurationName = Debug;
		};
		596076D21A1000710038D4F4 /* Build configuration list for PBXNativeTarget "Coursica" */ = {
			isa = XCConfigurationList;
			buildConfigurations = (
				596076D31A1000710038D4F4 /* Debug */,
				596076D41A1000710038D4F4 /* Release */,
			);
			defaultConfigurationIsVisible = 0;
			defaultConfigurationName = Debug;
		};
		596076D51A1000710038D4F4 /* Build configuration list for PBXNativeTarget "CoursicaTests" */ = {
			isa = XCConfigurationList;
			buildConfigurations = (
				596076D61A1000710038D4F4 /* Debug */,
				596076D71A1000710038D4F4 /* Release */,
			);
			defaultConfigurationIsVisible = 0;
			defaultConfigurationName = Debug;
		};
/* End XCConfigurationList section */
	};
	rootObject = 596076A41A1000700038D4F4 /* Project object */;
}
